// !$*UTF8*$!
{
	archiveVersion = 1;
	classes = {
	};
	objectVersion = 46;
	objects = {

/* Begin PBXBuildFile section */
		9B1239E01CBD14A100FCE823 /* main.m in Sources */ = {isa = PBXBuildFile; fileRef = 9B1239DF1CBD14A100FCE823 /* main.m */; };
		9B1239EB1CBD14A200FCE823 /* Assets.xcassets in Resources */ = {isa = PBXBuildFile; fileRef = 9B1239EA1CBD14A200FCE823 /* Assets.xcassets */; };
		9B1239EE1CBD14A200FCE823 /* LaunchScreen.storyboard in Resources */ = {isa = PBXBuildFile; fileRef = 9B1239EC1CBD14A200FCE823 /* LaunchScreen.storyboard */; };
		9B123A181CBD14E700FCE823 /* NewViewController.m in Sources */ = {isa = PBXBuildFile; fileRef = 9B123A131CBD14E700FCE823 /* NewViewController.m */; };
		9B123A191CBD14E700FCE823 /* OldViewController.m in Sources */ = {isa = PBXBuildFile; fileRef = 9B123A151CBD14E700FCE823 /* OldViewController.m */; };
		9B123A1A1CBD14E700FCE823 /* RootTabbarViewController.m in Sources */ = {isa = PBXBuildFile; fileRef = 9B123A171CBD14E700FCE823 /* RootTabbarViewController.m */; };
		9B123A411CBD151000FCE823 /* AppDelegate.mm in Sources */ = {isa = PBXBuildFile; fileRef = 9B123A2E1CBD151000FCE823 /* AppDelegate.mm */; };
		9B123A481CBD151000FCE823 /* MyPopView.m in Sources */ = {isa = PBXBuildFile; fileRef = 9B123A3B1CBD151000FCE823 /* MyPopView.m */; };
		9B123A491CBD151000FCE823 /* MyPopView.xib in Resources */ = {isa = PBXBuildFile; fileRef = 9B123A3C1CBD151000FCE823 /* MyPopView.xib */; };
		9B123A4B1CBD159E00FCE823 /* StoreKit.framework in Frameworks */ = {isa = PBXBuildFile; fileRef = 9B123A4A1CBD159E00FCE823 /* StoreKit.framework */; };
		9B123A4D1CBD15A600FCE823 /* MessageUI.framework in Frameworks */ = {isa = PBXBuildFile; fileRef = 9B123A4C1CBD15A600FCE823 /* MessageUI.framework */; };
		9B123A4F1CBD15B000FCE823 /* MediaPlayer.framework in Frameworks */ = {isa = PBXBuildFile; fileRef = 9B123A4E1CBD15B000FCE823 /* MediaPlayer.framework */; };
		9B123A521CBD15C200FCE823 /* EventKit.framework in Frameworks */ = {isa = PBXBuildFile; fileRef = 9B123A501CBD15C200FCE823 /* EventKit.framework */; };
		9B123A531CBD15C200FCE823 /* EventKitUI.framework in Frameworks */ = {isa = PBXBuildFile; fileRef = 9B123A511CBD15C200FCE823 /* EventKitUI.framework */; };
		9B123A551CBD15D200FCE823 /* CoreMedia.framework in Frameworks */ = {isa = PBXBuildFile; fileRef = 9B123A541CBD15D200FCE823 /* CoreMedia.framework */; };
		9B123A571CBD15E100FCE823 /* AVFoundation.framework in Frameworks */ = {isa = PBXBuildFile; fileRef = 9B123A561CBD15E100FCE823 /* AVFoundation.framework */; };
		9B123A591CBD15EF00FCE823 /* AudioToolbox.framework in Frameworks */ = {isa = PBXBuildFile; fileRef = 9B123A581CBD15EF00FCE823 /* AudioToolbox.framework */; };
		9B123A5B1CBD15F700FCE823 /* AdSupport.framework in Frameworks */ = {isa = PBXBuildFile; fileRef = 9B123A5A1CBD15F700FCE823 /* AdSupport.framework */; };
		9B123A5D1CBD160600FCE823 /* libstdc++.6.0.9.tbd in Frameworks */ = {isa = PBXBuildFile; fileRef = 9B123A5C1CBD160600FCE823 /* libstdc++.6.0.9.tbd */; };
		9B123A5F1CBD161900FCE823 /* libsqlite3.0.tbd in Frameworks */ = {isa = PBXBuildFile; fileRef = 9B123A5E1CBD161900FCE823 /* libsqlite3.0.tbd */; };
		9B123A611CBD162200FCE823 /* CoreTelephony.framework in Frameworks */ = {isa = PBXBuildFile; fileRef = 9B123A601CBD162200FCE823 /* CoreTelephony.framework */; };
		9B123A631CBD162C00FCE823 /* Security.framework in Frameworks */ = {isa = PBXBuildFile; fileRef = 9B123A621CBD162C00FCE823 /* Security.framework */; };
		9B123A651CBD163600FCE823 /* CoreGraphics.framework in Frameworks */ = {isa = PBXBuildFile; fileRef = 9B123A641CBD163600FCE823 /* CoreGraphics.framework */; };
		9B123A671CBD163E00FCE823 /* SystemConfiguration.framework in Frameworks */ = {isa = PBXBuildFile; fileRef = 9B123A661CBD163E00FCE823 /* SystemConfiguration.framework */; };
		9B123A691CBD164600FCE823 /* OpenGLES.framework in Frameworks */ = {isa = PBXBuildFile; fileRef = 9B123A681CBD164600FCE823 /* OpenGLES.framework */; };
		9B123A6B1CBD165600FCE823 /* QuartzCore.framework in Frameworks */ = {isa = PBXBuildFile; fileRef = 9B123A6A1CBD165600FCE823 /* QuartzCore.framework */; };
		9B123A6D1CBD166100FCE823 /* CoreLocation.framework in Frameworks */ = {isa = PBXBuildFile; fileRef = 9B123A6C1CBD166100FCE823 /* CoreLocation.framework */; };
		9B123A741CBD170500FCE823 /* XLSphereView.m in Sources */ = {isa = PBXBuildFile; fileRef = 9B123A731CBD170500FCE823 /* XLSphereView.m */; };
		9B123A791CBD1B6300FCE823 /* MyPointAnnotation.m in Sources */ = {isa = PBXBuildFile; fileRef = 9B123A781CBD1B6300FCE823 /* MyPointAnnotation.m */; };
		9B123A7C1CBDEC5000FCE823 /* DetailViewController.m in Sources */ = {isa = PBXBuildFile; fileRef = 9B123A7B1CBDEC5000FCE823 /* DetailViewController.m */; };
		9B123A811CBE1DD300FCE823 /* SVProgressHUD.bundle in Resources */ = {isa = PBXBuildFile; fileRef = 9B123A7E1CBE1DD300FCE823 /* SVProgressHUD.bundle */; };
		9B123A821CBE1DD300FCE823 /* SVProgressHUD.m in Sources */ = {isa = PBXBuildFile; fileRef = 9B123A801CBE1DD300FCE823 /* SVProgressHUD.m */; };
		9B123A861CBE26AE00FCE823 /* WCAlertView.m in Sources */ = {isa = PBXBuildFile; fileRef = 9B123A851CBE26AE00FCE823 /* WCAlertView.m */; };
		9B123A8B1CBE664F00FCE823 /* LocalManager.m in Sources */ = {isa = PBXBuildFile; fileRef = 9B123A8A1CBE664F00FCE823 /* LocalManager.m */; };
		9B295C7E1F67787100666EBD /* PushMessageListViewController.m in Sources */ = {isa = PBXBuildFile; fileRef = 9B295C7D1F67787100666EBD /* PushMessageListViewController.m */; };
		9B295C821F67794C00666EBD /* PushMesCell.m in Sources */ = {isa = PBXBuildFile; fileRef = 9B295C801F67794C00666EBD /* PushMesCell.m */; };
		9B295C831F67794C00666EBD /* PushMesCell.xib in Resources */ = {isa = PBXBuildFile; fileRef = 9B295C811F67794C00666EBD /* PushMesCell.xib */; };
		9B295C8D1F691E7400666EBD /* NetWorkingUtils.m in Sources */ = {isa = PBXBuildFile; fileRef = 9B295C8C1F691E7400666EBD /* NetWorkingUtils.m */; };
		9B2A666D1FB53E3500DBDD58 /* Bugtags.bundle in Resources */ = {isa = PBXBuildFile; fileRef = 9B2A666B1FB53E3300DBDD58 /* Bugtags.bundle */; };
		9B2A666E1FB53E3500DBDD58 /* Bugtags.framework in Frameworks */ = {isa = PBXBuildFile; fileRef = 9B2A666C1FB53E3500DBDD58 /* Bugtags.framework */; };
		9B2A66761FB5806B00DBDD58 /* ImageIO.framework in Frameworks */ = {isa = PBXBuildFile; fileRef = 9B2A66751FB5805300DBDD58 /* ImageIO.framework */; };
		9B2A667C1FB5878400DBDD58 /* WLPoiDetailResult.m in Sources */ = {isa = PBXBuildFile; fileRef = 9B2A667B1FB5878400DBDD58 /* WLPoiDetailResult.m */; };
		9B2A667F1FB5955200DBDD58 /* WLGlobalManager.m in Sources */ = {isa = PBXBuildFile; fileRef = 9B2A667E1FB5955200DBDD58 /* WLGlobalManager.m */; };
		9B41DF3E1CBF730B00D493FA /* LocationChange.m in Sources */ = {isa = PBXBuildFile; fileRef = 9B41DF3D1CBF730B00D493FA /* LocationChange.m */; };
		9B44A5EB1F5F9A0000C32839 /* BaiduMapAPI_Base.framework in Frameworks */ = {isa = PBXBuildFile; fileRef = 9B44A5E61F5F9A0000C32839 /* BaiduMapAPI_Base.framework */; };
		9B44A5EC1F5F9A0000C32839 /* BaiduMapAPI_Location.framework in Frameworks */ = {isa = PBXBuildFile; fileRef = 9B44A5E71F5F9A0000C32839 /* BaiduMapAPI_Location.framework */; };
		9B44A5ED1F5F9A0000C32839 /* BaiduMapAPI_Map.framework in Frameworks */ = {isa = PBXBuildFile; fileRef = 9B44A5E81F5F9A0000C32839 /* BaiduMapAPI_Map.framework */; };
		9B44A5EE1F5F9A0000C32839 /* BaiduMapAPI_Search.framework in Frameworks */ = {isa = PBXBuildFile; fileRef = 9B44A5E91F5F9A0000C32839 /* BaiduMapAPI_Search.framework */; };
		9B44A5EF1F5F9A0000C32839 /* BaiduMapAPI_Utils.framework in Frameworks */ = {isa = PBXBuildFile; fileRef = 9B44A5EA1F5F9A0000C32839 /* BaiduMapAPI_Utils.framework */; };
		9B53D8F51F7106DD00CC9287 /* MyFavoriteViewController.m in Sources */ = {isa = PBXBuildFile; fileRef = 9B53D8F41F7106DD00CC9287 /* MyFavoriteViewController.m */; };
		9B53D8F81F710B0000CC9287 /* MyFavoriteView.m in Sources */ = {isa = PBXBuildFile; fileRef = 9B53D8F71F710B0000CC9287 /* MyFavoriteView.m */; };
		9B53D8FA1F710B0F00CC9287 /* MyFavoriteView.xib in Resources */ = {isa = PBXBuildFile; fileRef = 9B53D8F91F710B0F00CC9287 /* MyFavoriteView.xib */; };
		9B58240D1CCDC4300020BA5C /* Main.storyboard in Resources */ = {isa = PBXBuildFile; fileRef = 9B58240C1CCDC4300020BA5C /* Main.storyboard */; };
		9B84AC0A1D46FFF40062D663 /* libWeChatSDK.a in Frameworks */ = {isa = PBXBuildFile; fileRef = 9B84AC051D46FFF40062D663 /* libWeChatSDK.a */; };
		9B84AC0B1D46FFF40062D663 /* README.txt in Resources */ = {isa = PBXBuildFile; fileRef = 9B84AC061D46FFF40062D663 /* README.txt */; };
		9B84AC0D1D4701420062D663 /* libz.tbd in Frameworks */ = {isa = PBXBuildFile; fileRef = 9B84AC0C1D4701420062D663 /* libz.tbd */; };
		9B84AC0F1D4701570062D663 /* libc++.tbd in Frameworks */ = {isa = PBXBuildFile; fileRef = 9B84AC0E1D4701570062D663 /* libc++.tbd */; };
		9B84AC111D4742290062D663 /* ShareView.xib in Resources */ = {isa = PBXBuildFile; fileRef = 9B84AC101D4742290062D663 /* ShareView.xib */; };
		9B84AC141D4742340062D663 /* ShareView.m in Sources */ = {isa = PBXBuildFile; fileRef = 9B84AC131D4742340062D663 /* ShareView.m */; };
		9B9A23921FA6C68D00A15C53 /* OpinionViewController.m in Sources */ = {isa = PBXBuildFile; fileRef = 9B9A23911FA6C68D00A15C53 /* OpinionViewController.m */; };
		9B9F919C1CCB62BC009ACC37 /* firstView.m in Sources */ = {isa = PBXBuildFile; fileRef = 9B9F919B1CCB62BC009ACC37 /* firstView.m */; };
		9B9F919E1CCB62C6009ACC37 /* firstView.xib in Resources */ = {isa = PBXBuildFile; fileRef = 9B9F919D1CCB62C6009ACC37 /* firstView.xib */; };
		9BBE684E1F5E465E0096A1E7 /* jpush-ios-3.0.6.a in Frameworks */ = {isa = PBXBuildFile; fileRef = 9BBE684C1F5E465E0096A1E7 /* jpush-ios-3.0.6.a */; };
		9BBE68501F5E47FB0096A1E7 /* CFNetwork.framework in Frameworks */ = {isa = PBXBuildFile; fileRef = 9BBE684F1F5E47FB0096A1E7 /* CFNetwork.framework */; };
		9BBE68521F5E48170096A1E7 /* CoreFoundation.framework in Frameworks */ = {isa = PBXBuildFile; fileRef = 9BBE68511F5E48170096A1E7 /* CoreFoundation.framework */; };
		9BBE68541F5E486C0096A1E7 /* UserNotifications.framework in Frameworks */ = {isa = PBXBuildFile; fileRef = 9BBE68531F5E486C0096A1E7 /* UserNotifications.framework */; };
		9BBE68561F5E48820096A1E7 /* libresolv.tbd in Frameworks */ = {isa = PBXBuildFile; fileRef = 9BBE68551F5E48820096A1E7 /* libresolv.tbd */; };
		9BBE68581F5E52B10096A1E7 /* jcore-ios-1.1.5.a in Frameworks */ = {isa = PBXBuildFile; fileRef = 9BBE68571F5E52B10096A1E7 /* jcore-ios-1.1.5.a */; };
		9BC7F5691ED4214500F7058B /* libcrypto.a in Frameworks */ = {isa = PBXBuildFile; fileRef = 9BC7F5671ED4214500F7058B /* libcrypto.a */; };
		9BC7F56A1ED4214500F7058B /* libssl.a in Frameworks */ = {isa = PBXBuildFile; fileRef = 9BC7F5681ED4214500F7058B /* libssl.a */; };
		9BC7F56C1ED4294700F7058B /* mapapi.bundle in Resources */ = {isa = PBXBuildFile; fileRef = 9BC7F56B1ED4294700F7058B /* mapapi.bundle */; };
		9BC8808F1CC0C98B006341D4 /* Reachability.m in Sources */ = {isa = PBXBuildFile; fileRef = 9BC8808E1CC0C98B006341D4 /* Reachability.m */; };
		9BC880921CC0CB8D006341D4 /* GuideViewController.m in Sources */ = {isa = PBXBuildFile; fileRef = 9BC880911CC0CB8D006341D4 /* GuideViewController.m */; };
		9BC880981CC0E2F1006341D4 /* SetTableViewController.m in Sources */ = {isa = PBXBuildFile; fileRef = 9BC880971CC0E2F1006341D4 /* SetTableViewController.m */; };
		9BCB09531F60F4F20016AE68 /* KKBaseDao.m in Sources */ = {isa = PBXBuildFile; fileRef = 9BCB09511F60F4F20016AE68 /* KKBaseDao.m */; };
		9BCB096B1F60F5630016AE68 /* FMDatabase+FTS3.m in Sources */ = {isa = PBXBuildFile; fileRef = 9BCB09581F60F5630016AE68 /* FMDatabase+FTS3.m */; };
		9BCB096C1F60F5630016AE68 /* FMTokenizers.m in Sources */ = {isa = PBXBuildFile; fileRef = 9BCB095A1F60F5630016AE68 /* FMTokenizers.m */; };
		9BCB096D1F60F5630016AE68 /* FMDatabase+InMemoryOnDiskIO.m in Sources */ = {isa = PBXBuildFile; fileRef = 9BCB095E1F60F5630016AE68 /* FMDatabase+InMemoryOnDiskIO.m */; };
		9BCB096E1F60F5630016AE68 /* FMDatabase.m in Sources */ = {isa = PBXBuildFile; fileRef = 9BCB09601F60F5630016AE68 /* FMDatabase.m */; };
		9BCB096F1F60F5630016AE68 /* FMDatabaseAdditions.m in Sources */ = {isa = PBXBuildFile; fileRef = 9BCB09621F60F5630016AE68 /* FMDatabaseAdditions.m */; };
		9BCB09701F60F5630016AE68 /* FMDatabasePool.m in Sources */ = {isa = PBXBuildFile; fileRef = 9BCB09641F60F5630016AE68 /* FMDatabasePool.m */; };
		9BCB09711F60F5630016AE68 /* FMDatabaseQueue.m in Sources */ = {isa = PBXBuildFile; fileRef = 9BCB09661F60F5630016AE68 /* FMDatabaseQueue.m */; };
		9BCB09721F60F5630016AE68 /* FMResultSet.m in Sources */ = {isa = PBXBuildFile; fileRef = 9BCB09691F60F5630016AE68 /* FMResultSet.m */; };
		9BCB09731F60F5630016AE68 /* Info.plist in Resources */ = {isa = PBXBuildFile; fileRef = 9BCB096A1F60F5630016AE68 /* Info.plist */; };
		9BCB09761F611F630016AE68 /* NSString+Valid.m in Sources */ = {isa = PBXBuildFile; fileRef = 9BCB09751F611F630016AE68 /* NSString+Valid.m */; };
		9BCB09791F61286F0016AE68 /* FoodLocationDao.m in Sources */ = {isa = PBXBuildFile; fileRef = 9BCB09781F61286F0016AE68 /* FoodLocationDao.m */; };
		9BE50ED01E61661200BBF6EA /* MKAnnotationView+WebCache.m in Sources */ = {isa = PBXBuildFile; fileRef = 9BE50EB01E61661200BBF6EA /* MKAnnotationView+WebCache.m */; };
		9BE50ED11E61661200BBF6EA /* NSData+ImageContentType.m in Sources */ = {isa = PBXBuildFile; fileRef = 9BE50EB21E61661200BBF6EA /* NSData+ImageContentType.m */; };
		9BE50ED21E61661200BBF6EA /* SDImageCache.m in Sources */ = {isa = PBXBuildFile; fileRef = 9BE50EB41E61661200BBF6EA /* SDImageCache.m */; };
		9BE50ED31E61661200BBF6EA /* SDWebImageCompat.m in Sources */ = {isa = PBXBuildFile; fileRef = 9BE50EB61E61661200BBF6EA /* SDWebImageCompat.m */; };
		9BE50ED41E61661200BBF6EA /* SDWebImageDecoder.m in Sources */ = {isa = PBXBuildFile; fileRef = 9BE50EB81E61661200BBF6EA /* SDWebImageDecoder.m */; };
		9BE50ED51E61661200BBF6EA /* SDWebImageDownloader.m in Sources */ = {isa = PBXBuildFile; fileRef = 9BE50EBA1E61661200BBF6EA /* SDWebImageDownloader.m */; };
		9BE50ED61E61661200BBF6EA /* SDWebImageDownloaderOperation.m in Sources */ = {isa = PBXBuildFile; fileRef = 9BE50EBC1E61661200BBF6EA /* SDWebImageDownloaderOperation.m */; };
		9BE50ED71E61661200BBF6EA /* SDWebImageManager.m in Sources */ = {isa = PBXBuildFile; fileRef = 9BE50EBE1E61661200BBF6EA /* SDWebImageManager.m */; };
		9BE50ED81E61661200BBF6EA /* SDWebImagePrefetcher.m in Sources */ = {isa = PBXBuildFile; fileRef = 9BE50EC11E61661200BBF6EA /* SDWebImagePrefetcher.m */; };
		9BE50ED91E61661200BBF6EA /* UIButton+WebCache.m in Sources */ = {isa = PBXBuildFile; fileRef = 9BE50EC31E61661200BBF6EA /* UIButton+WebCache.m */; };
		9BE50EDA1E61661200BBF6EA /* UIImage+GIF.m in Sources */ = {isa = PBXBuildFile; fileRef = 9BE50EC51E61661200BBF6EA /* UIImage+GIF.m */; };
		9BE50EDB1E61661200BBF6EA /* UIImage+MultiFormat.m in Sources */ = {isa = PBXBuildFile; fileRef = 9BE50EC71E61661200BBF6EA /* UIImage+MultiFormat.m */; };
		9BE50EDC1E61661200BBF6EA /* UIImage+WebP.m in Sources */ = {isa = PBXBuildFile; fileRef = 9BE50EC91E61661200BBF6EA /* UIImage+WebP.m */; };
		9BE50EDD1E61661200BBF6EA /* UIImageView+HighlightedWebCache.m in Sources */ = {isa = PBXBuildFile; fileRef = 9BE50ECB1E61661200BBF6EA /* UIImageView+HighlightedWebCache.m */; };
		9BE50EDE1E61661200BBF6EA /* UIImageView+WebCache.m in Sources */ = {isa = PBXBuildFile; fileRef = 9BE50ECD1E61661200BBF6EA /* UIImageView+WebCache.m */; };
		9BE50EDF1E61661200BBF6EA /* UIView+WebCacheOperation.m in Sources */ = {isa = PBXBuildFile; fileRef = 9BE50ECF1E61661200BBF6EA /* UIView+WebCacheOperation.m */; };
		9BE50EE31E61685C00BBF6EA /* NSDictionary+JsonDict.m in Sources */ = {isa = PBXBuildFile; fileRef = 9BE50EE11E61685C00BBF6EA /* NSDictionary+JsonDict.m */; };
		9BE50EE71E6169E200BBF6EA /* NSObject+Convertor.m in Sources */ = {isa = PBXBuildFile; fileRef = 9BE50EE51E6169E200BBF6EA /* NSObject+Convertor.m */; };
/* End PBXBuildFile section */

/* Begin PBXCopyFilesBuildPhase section */
		9B3A29921DAC828800875FAB /* Embed App Extensions */ = {
			isa = PBXCopyFilesBuildPhase;
			buildActionMask = 2147483647;
			dstPath = "";
			dstSubfolderSpec = 13;
			files = (
			);
			name = "Embed App Extensions";
			runOnlyForDeploymentPostprocessing = 0;
		};
/* End PBXCopyFilesBuildPhase section */

/* Begin PBXFileReference section */
		9B1239DB1CBD14A100FCE823 /* WhereToEat.app */ = {isa = PBXFileReference; explicitFileType = wrapper.application; includeInIndex = 0; path = WhereToEat.app; sourceTree = BUILT_PRODUCTS_DIR; };
		9B1239DF1CBD14A100FCE823 /* main.m */ = {isa = PBXFileReference; lastKnownFileType = sourcecode.c.objc; path = main.m; sourceTree = "<group>"; };
		9B1239EA1CBD14A200FCE823 /* Assets.xcassets */ = {isa = PBXFileReference; lastKnownFileType = folder.assetcatalog; path = Assets.xcassets; sourceTree = "<group>"; };
		9B1239ED1CBD14A200FCE823 /* Base */ = {isa = PBXFileReference; lastKnownFileType = file.storyboard; name = Base; path = Base.lproj/LaunchScreen.storyboard; sourceTree = "<group>"; };
		9B1239EF1CBD14A200FCE823 /* Info.plist */ = {isa = PBXFileReference; lastKnownFileType = text.plist.xml; path = Info.plist; sourceTree = "<group>"; };
		9B1239F81CBD14A200FCE823 /* WhereToEatTests.m */ = {isa = PBXFileReference; lastKnownFileType = sourcecode.c.objc; path = WhereToEatTests.m; sourceTree = "<group>"; };
		9B1239FA1CBD14A200FCE823 /* Info.plist */ = {isa = PBXFileReference; lastKnownFileType = text.plist.xml; path = Info.plist; sourceTree = "<group>"; };
		9B123A031CBD14A200FCE823 /* WhereToEatUITests.m */ = {isa = PBXFileReference; lastKnownFileType = sourcecode.c.objc; path = WhereToEatUITests.m; sourceTree = "<group>"; };
		9B123A051CBD14A200FCE823 /* Info.plist */ = {isa = PBXFileReference; lastKnownFileType = text.plist.xml; path = Info.plist; sourceTree = "<group>"; };
		9B123A121CBD14E700FCE823 /* NewViewController.h */ = {isa = PBXFileReference; fileEncoding = 4; lastKnownFileType = sourcecode.c.h; path = NewViewController.h; sourceTree = "<group>"; };
		9B123A131CBD14E700FCE823 /* NewViewController.m */ = {isa = PBXFileReference; fileEncoding = 4; lastKnownFileType = sourcecode.c.objc; path = NewViewController.m; sourceTree = "<group>"; };
		9B123A141CBD14E700FCE823 /* OldViewController.h */ = {isa = PBXFileReference; fileEncoding = 4; lastKnownFileType = sourcecode.c.h; path = OldViewController.h; sourceTree = "<group>"; };
		9B123A151CBD14E700FCE823 /* OldViewController.m */ = {isa = PBXFileReference; fileEncoding = 4; lastKnownFileType = sourcecode.c.objc; path = OldViewController.m; sourceTree = "<group>"; };
		9B123A161CBD14E700FCE823 /* RootTabbarViewController.h */ = {isa = PBXFileReference; fileEncoding = 4; lastKnownFileType = sourcecode.c.h; path = RootTabbarViewController.h; sourceTree = "<group>"; };
		9B123A171CBD14E700FCE823 /* RootTabbarViewController.m */ = {isa = PBXFileReference; fileEncoding = 4; lastKnownFileType = sourcecode.c.objc; path = RootTabbarViewController.m; sourceTree = "<group>"; };
		9B123A2D1CBD151000FCE823 /* AppDelegate.h */ = {isa = PBXFileReference; fileEncoding = 4; lastKnownFileType = sourcecode.c.h; path = AppDelegate.h; sourceTree = "<group>"; };
		9B123A2E1CBD151000FCE823 /* AppDelegate.mm */ = {isa = PBXFileReference; fileEncoding = 4; lastKnownFileType = sourcecode.cpp.objcpp; path = AppDelegate.mm; sourceTree = "<group>"; };
		9B123A2F1CBD151000FCE823 /* CommonMacro.h */ = {isa = PBXFileReference; fileEncoding = 4; lastKnownFileType = sourcecode.c.h; path = CommonMacro.h; sourceTree = "<group>"; };
		9B123A301CBD151000FCE823 /* PrefixHeader.pch */ = {isa = PBXFileReference; fileEncoding = 4; lastKnownFileType = sourcecode.c.h; path = PrefixHeader.pch; sourceTree = "<group>"; };
		9B123A3A1CBD151000FCE823 /* MyPopView.h */ = {isa = PBXFileReference; fileEncoding = 4; lastKnownFileType = sourcecode.c.h; path = MyPopView.h; sourceTree = "<group>"; };
		9B123A3B1CBD151000FCE823 /* MyPopView.m */ = {isa = PBXFileReference; fileEncoding = 4; lastKnownFileType = sourcecode.c.objc; path = MyPopView.m; sourceTree = "<group>"; };
		9B123A3C1CBD151000FCE823 /* MyPopView.xib */ = {isa = PBXFileReference; fileEncoding = 4; lastKnownFileType = file.xib; path = MyPopView.xib; sourceTree = "<group>"; };
		9B123A4A1CBD159E00FCE823 /* StoreKit.framework */ = {isa = PBXFileReference; lastKnownFileType = wrapper.framework; name = StoreKit.framework; path = System/Library/Frameworks/StoreKit.framework; sourceTree = SDKROOT; };
		9B123A4C1CBD15A600FCE823 /* MessageUI.framework */ = {isa = PBXFileReference; lastKnownFileType = wrapper.framework; name = MessageUI.framework; path = System/Library/Frameworks/MessageUI.framework; sourceTree = SDKROOT; };
		9B123A4E1CBD15B000FCE823 /* MediaPlayer.framework */ = {isa = PBXFileReference; lastKnownFileType = wrapper.framework; name = MediaPlayer.framework; path = System/Library/Frameworks/MediaPlayer.framework; sourceTree = SDKROOT; };
		9B123A501CBD15C200FCE823 /* EventKit.framework */ = {isa = PBXFileReference; lastKnownFileType = wrapper.framework; name = EventKit.framework; path = System/Library/Frameworks/EventKit.framework; sourceTree = SDKROOT; };
		9B123A511CBD15C200FCE823 /* EventKitUI.framework */ = {isa = PBXFileReference; lastKnownFileType = wrapper.framework; name = EventKitUI.framework; path = System/Library/Frameworks/EventKitUI.framework; sourceTree = SDKROOT; };
		9B123A541CBD15D200FCE823 /* CoreMedia.framework */ = {isa = PBXFileReference; lastKnownFileType = wrapper.framework; name = CoreMedia.framework; path = System/Library/Frameworks/CoreMedia.framework; sourceTree = SDKROOT; };
		9B123A561CBD15E100FCE823 /* AVFoundation.framework */ = {isa = PBXFileReference; lastKnownFileType = wrapper.framework; name = AVFoundation.framework; path = System/Library/Frameworks/AVFoundation.framework; sourceTree = SDKROOT; };
		9B123A581CBD15EF00FCE823 /* AudioToolbox.framework */ = {isa = PBXFileReference; lastKnownFileType = wrapper.framework; name = AudioToolbox.framework; path = System/Library/Frameworks/AudioToolbox.framework; sourceTree = SDKROOT; };
		9B123A5A1CBD15F700FCE823 /* AdSupport.framework */ = {isa = PBXFileReference; lastKnownFileType = wrapper.framework; name = AdSupport.framework; path = System/Library/Frameworks/AdSupport.framework; sourceTree = SDKROOT; };
		9B123A5C1CBD160600FCE823 /* libstdc++.6.0.9.tbd */ = {isa = PBXFileReference; lastKnownFileType = "sourcecode.text-based-dylib-definition"; name = "libstdc++.6.0.9.tbd"; path = "usr/lib/libstdc++.6.0.9.tbd"; sourceTree = SDKROOT; };
		9B123A5E1CBD161900FCE823 /* libsqlite3.0.tbd */ = {isa = PBXFileReference; lastKnownFileType = "sourcecode.text-based-dylib-definition"; name = libsqlite3.0.tbd; path = usr/lib/libsqlite3.0.tbd; sourceTree = SDKROOT; };
		9B123A601CBD162200FCE823 /* CoreTelephony.framework */ = {isa = PBXFileReference; lastKnownFileType = wrapper.framework; name = CoreTelephony.framework; path = System/Library/Frameworks/CoreTelephony.framework; sourceTree = SDKROOT; };
		9B123A621CBD162C00FCE823 /* Security.framework */ = {isa = PBXFileReference; lastKnownFileType = wrapper.framework; name = Security.framework; path = System/Library/Frameworks/Security.framework; sourceTree = SDKROOT; };
		9B123A641CBD163600FCE823 /* CoreGraphics.framework */ = {isa = PBXFileReference; lastKnownFileType = wrapper.framework; name = CoreGraphics.framework; path = System/Library/Frameworks/CoreGraphics.framework; sourceTree = SDKROOT; };
		9B123A661CBD163E00FCE823 /* SystemConfiguration.framework */ = {isa = PBXFileReference; lastKnownFileType = wrapper.framework; name = SystemConfiguration.framework; path = System/Library/Frameworks/SystemConfiguration.framework; sourceTree = SDKROOT; };
		9B123A681CBD164600FCE823 /* OpenGLES.framework */ = {isa = PBXFileReference; lastKnownFileType = wrapper.framework; name = OpenGLES.framework; path = System/Library/Frameworks/OpenGLES.framework; sourceTree = SDKROOT; };
		9B123A6A1CBD165600FCE823 /* QuartzCore.framework */ = {isa = PBXFileReference; lastKnownFileType = wrapper.framework; name = QuartzCore.framework; path = System/Library/Frameworks/QuartzCore.framework; sourceTree = SDKROOT; };
		9B123A6C1CBD166100FCE823 /* CoreLocation.framework */ = {isa = PBXFileReference; lastKnownFileType = wrapper.framework; name = CoreLocation.framework; path = System/Library/Frameworks/CoreLocation.framework; sourceTree = SDKROOT; };
		9B123A701CBD170500FCE823 /* XLMatrix.h */ = {isa = PBXFileReference; fileEncoding = 4; lastKnownFileType = sourcecode.c.h; path = XLMatrix.h; sourceTree = "<group>"; };
		9B123A711CBD170500FCE823 /* XLPoint.h */ = {isa = PBXFileReference; fileEncoding = 4; lastKnownFileType = sourcecode.c.h; path = XLPoint.h; sourceTree = "<group>"; };
		9B123A721CBD170500FCE823 /* XLSphereView.h */ = {isa = PBXFileReference; fileEncoding = 4; lastKnownFileType = sourcecode.c.h; path = XLSphereView.h; sourceTree = "<group>"; };
		9B123A731CBD170500FCE823 /* XLSphereView.m */ = {isa = PBXFileReference; fileEncoding = 4; lastKnownFileType = sourcecode.c.objc; path = XLSphereView.m; sourceTree = "<group>"; };
		9B123A771CBD1B6300FCE823 /* MyPointAnnotation.h */ = {isa = PBXFileReference; fileEncoding = 4; lastKnownFileType = sourcecode.c.h; path = MyPointAnnotation.h; sourceTree = "<group>"; };
		9B123A781CBD1B6300FCE823 /* MyPointAnnotation.m */ = {isa = PBXFileReference; fileEncoding = 4; lastKnownFileType = sourcecode.c.objc; path = MyPointAnnotation.m; sourceTree = "<group>"; };
		9B123A7A1CBDEC5000FCE823 /* DetailViewController.h */ = {isa = PBXFileReference; fileEncoding = 4; lastKnownFileType = sourcecode.c.h; path = DetailViewController.h; sourceTree = "<group>"; };
		9B123A7B1CBDEC5000FCE823 /* DetailViewController.m */ = {isa = PBXFileReference; fileEncoding = 4; lastKnownFileType = sourcecode.c.objc; path = DetailViewController.m; sourceTree = "<group>"; };
		9B123A7E1CBE1DD300FCE823 /* SVProgressHUD.bundle */ = {isa = PBXFileReference; lastKnownFileType = "wrapper.plug-in"; path = SVProgressHUD.bundle; sourceTree = "<group>"; };
		9B123A7F1CBE1DD300FCE823 /* SVProgressHUD.h */ = {isa = PBXFileReference; fileEncoding = 4; lastKnownFileType = sourcecode.c.h; path = SVProgressHUD.h; sourceTree = "<group>"; };
		9B123A801CBE1DD300FCE823 /* SVProgressHUD.m */ = {isa = PBXFileReference; fileEncoding = 4; lastKnownFileType = sourcecode.c.objc; path = SVProgressHUD.m; sourceTree = "<group>"; };
		9B123A841CBE26AE00FCE823 /* WCAlertView.h */ = {isa = PBXFileReference; fileEncoding = 4; lastKnownFileType = sourcecode.c.h; path = WCAlertView.h; sourceTree = "<group>"; };
		9B123A851CBE26AE00FCE823 /* WCAlertView.m */ = {isa = PBXFileReference; fileEncoding = 4; lastKnownFileType = sourcecode.c.objc; path = WCAlertView.m; sourceTree = "<group>"; };
		9B123A891CBE664F00FCE823 /* LocalManager.h */ = {isa = PBXFileReference; fileEncoding = 4; lastKnownFileType = sourcecode.c.h; path = LocalManager.h; sourceTree = "<group>"; };
		9B123A8A1CBE664F00FCE823 /* LocalManager.m */ = {isa = PBXFileReference; fileEncoding = 4; lastKnownFileType = sourcecode.c.objc; path = LocalManager.m; sourceTree = "<group>"; };
		9B295C7C1F67787100666EBD /* PushMessageListViewController.h */ = {isa = PBXFileReference; fileEncoding = 4; lastKnownFileType = sourcecode.c.h; path = PushMessageListViewController.h; sourceTree = "<group>"; };
		9B295C7D1F67787100666EBD /* PushMessageListViewController.m */ = {isa = PBXFileReference; fileEncoding = 4; lastKnownFileType = sourcecode.c.objc; path = PushMessageListViewController.m; sourceTree = "<group>"; };
		9B295C7F1F67794C00666EBD /* PushMesCell.h */ = {isa = PBXFileReference; fileEncoding = 4; lastKnownFileType = sourcecode.c.h; path = PushMesCell.h; sourceTree = "<group>"; };
		9B295C801F67794C00666EBD /* PushMesCell.m */ = {isa = PBXFileReference; fileEncoding = 4; lastKnownFileType = sourcecode.c.objc; path = PushMesCell.m; sourceTree = "<group>"; };
		9B295C811F67794C00666EBD /* PushMesCell.xib */ = {isa = PBXFileReference; fileEncoding = 4; lastKnownFileType = file.xib; path = PushMesCell.xib; sourceTree = "<group>"; };
		9B295C871F67C89400666EBD /* ServiceInterface.h */ = {isa = PBXFileReference; lastKnownFileType = sourcecode.c.h; path = ServiceInterface.h; sourceTree = "<group>"; };
		9B295C8B1F691E7400666EBD /* NetWorkingUtils.h */ = {isa = PBXFileReference; fileEncoding = 4; lastKnownFileType = sourcecode.c.h; path = NetWorkingUtils.h; sourceTree = "<group>"; };
		9B295C8C1F691E7400666EBD /* NetWorkingUtils.m */ = {isa = PBXFileReference; fileEncoding = 4; lastKnownFileType = sourcecode.c.objc; path = NetWorkingUtils.m; sourceTree = "<group>"; };
		9B2A666B1FB53E3300DBDD58 /* Bugtags.bundle */ = {isa = PBXFileReference; lastKnownFileType = "wrapper.plug-in"; path = Bugtags.bundle; sourceTree = "<group>"; };
		9B2A666C1FB53E3500DBDD58 /* Bugtags.framework */ = {isa = PBXFileReference; lastKnownFileType = wrapper.framework; path = Bugtags.framework; sourceTree = "<group>"; };
		9B2A66751FB5805300DBDD58 /* ImageIO.framework */ = {isa = PBXFileReference; lastKnownFileType = wrapper.framework; name = ImageIO.framework; path = System/Library/Frameworks/ImageIO.framework; sourceTree = SDKROOT; };
		9B2A667A1FB5878400DBDD58 /* WLPoiDetailResult.h */ = {isa = PBXFileReference; lastKnownFileType = sourcecode.c.h; path = WLPoiDetailResult.h; sourceTree = "<group>"; };
		9B2A667B1FB5878400DBDD58 /* WLPoiDetailResult.m */ = {isa = PBXFileReference; lastKnownFileType = sourcecode.c.objc; path = WLPoiDetailResult.m; sourceTree = "<group>"; };
		9B2A667D1FB5955200DBDD58 /* WLGlobalManager.h */ = {isa = PBXFileReference; lastKnownFileType = sourcecode.c.h; path = WLGlobalManager.h; sourceTree = "<group>"; };
		9B2A667E1FB5955200DBDD58 /* WLGlobalManager.m */ = {isa = PBXFileReference; lastKnownFileType = sourcecode.c.objc; path = WLGlobalManager.m; sourceTree = "<group>"; };
		9B41DF3C1CBF730B00D493FA /* LocationChange.h */ = {isa = PBXFileReference; fileEncoding = 4; lastKnownFileType = sourcecode.c.h; path = LocationChange.h; sourceTree = "<group>"; };
		9B41DF3D1CBF730B00D493FA /* LocationChange.m */ = {isa = PBXFileReference; fileEncoding = 4; lastKnownFileType = sourcecode.c.objc; path = LocationChange.m; sourceTree = "<group>"; };
		9B41DF3F1CBF7A9500D493FA /* zh-Hans */ = {isa = PBXFileReference; lastKnownFileType = text.plist.strings; name = "zh-Hans"; path = "zh-Hans.lproj/LaunchScreen.strings"; sourceTree = "<group>"; };
		9B44A5E61F5F9A0000C32839 /* BaiduMapAPI_Base.framework */ = {isa = PBXFileReference; lastKnownFileType = wrapper.framework; path = BaiduMapAPI_Base.framework; sourceTree = "<group>"; };
		9B44A5E71F5F9A0000C32839 /* BaiduMapAPI_Location.framework */ = {isa = PBXFileReference; lastKnownFileType = wrapper.framework; path = BaiduMapAPI_Location.framework; sourceTree = "<group>"; };
		9B44A5E81F5F9A0000C32839 /* BaiduMapAPI_Map.framework */ = {isa = PBXFileReference; lastKnownFileType = wrapper.framework; path = BaiduMapAPI_Map.framework; sourceTree = "<group>"; };
		9B44A5E91F5F9A0000C32839 /* BaiduMapAPI_Search.framework */ = {isa = PBXFileReference; lastKnownFileType = wrapper.framework; path = BaiduMapAPI_Search.framework; sourceTree = "<group>"; };
		9B44A5EA1F5F9A0000C32839 /* BaiduMapAPI_Utils.framework */ = {isa = PBXFileReference; lastKnownFileType = wrapper.framework; path = BaiduMapAPI_Utils.framework; sourceTree = "<group>"; };
		9B53D8F31F7106DD00CC9287 /* MyFavoriteViewController.h */ = {isa = PBXFileReference; lastKnownFileType = sourcecode.c.h; path = MyFavoriteViewController.h; sourceTree = "<group>"; };
		9B53D8F41F7106DD00CC9287 /* MyFavoriteViewController.m */ = {isa = PBXFileReference; lastKnownFileType = sourcecode.c.objc; path = MyFavoriteViewController.m; sourceTree = "<group>"; };
		9B53D8F61F710B0000CC9287 /* MyFavoriteView.h */ = {isa = PBXFileReference; lastKnownFileType = sourcecode.c.h; path = MyFavoriteView.h; sourceTree = "<group>"; };
		9B53D8F71F710B0000CC9287 /* MyFavoriteView.m */ = {isa = PBXFileReference; lastKnownFileType = sourcecode.c.objc; path = MyFavoriteView.m; sourceTree = "<group>"; };
		9B53D8F91F710B0F00CC9287 /* MyFavoriteView.xib */ = {isa = PBXFileReference; lastKnownFileType = file.xib; path = MyFavoriteView.xib; sourceTree = "<group>"; };
		9B58240C1CCDC4300020BA5C /* Main.storyboard */ = {isa = PBXFileReference; fileEncoding = 4; lastKnownFileType = file.storyboard; path = Main.storyboard; sourceTree = "<group>"; };
		9B84AC051D46FFF40062D663 /* libWeChatSDK.a */ = {isa = PBXFileReference; lastKnownFileType = archive.ar; path = libWeChatSDK.a; sourceTree = "<group>"; };
		9B84AC061D46FFF40062D663 /* README.txt */ = {isa = PBXFileReference; fileEncoding = 4; lastKnownFileType = text; path = README.txt; sourceTree = "<group>"; };
		9B84AC071D46FFF40062D663 /* WechatAuthSDK.h */ = {isa = PBXFileReference; fileEncoding = 4; lastKnownFileType = sourcecode.c.h; path = WechatAuthSDK.h; sourceTree = "<group>"; };
		9B84AC081D46FFF40062D663 /* WXApi.h */ = {isa = PBXFileReference; fileEncoding = 4; lastKnownFileType = sourcecode.c.h; path = WXApi.h; sourceTree = "<group>"; };
		9B84AC091D46FFF40062D663 /* WXApiObject.h */ = {isa = PBXFileReference; fileEncoding = 4; lastKnownFileType = sourcecode.c.h; path = WXApiObject.h; sourceTree = "<group>"; };
		9B84AC0C1D4701420062D663 /* libz.tbd */ = {isa = PBXFileReference; lastKnownFileType = "sourcecode.text-based-dylib-definition"; name = libz.tbd; path = usr/lib/libz.tbd; sourceTree = SDKROOT; };
		9B84AC0E1D4701570062D663 /* libc++.tbd */ = {isa = PBXFileReference; lastKnownFileType = "sourcecode.text-based-dylib-definition"; name = "libc++.tbd"; path = "usr/lib/libc++.tbd"; sourceTree = SDKROOT; };
		9B84AC101D4742290062D663 /* ShareView.xib */ = {isa = PBXFileReference; fileEncoding = 4; lastKnownFileType = file.xib; path = ShareView.xib; sourceTree = "<group>"; };
		9B84AC121D4742340062D663 /* ShareView.h */ = {isa = PBXFileReference; fileEncoding = 4; lastKnownFileType = sourcecode.c.h; path = ShareView.h; sourceTree = "<group>"; };
		9B84AC131D4742340062D663 /* ShareView.m */ = {isa = PBXFileReference; fileEncoding = 4; lastKnownFileType = sourcecode.c.objc; path = ShareView.m; sourceTree = "<group>"; };
		9B9A23901FA6C68D00A15C53 /* OpinionViewController.h */ = {isa = PBXFileReference; lastKnownFileType = sourcecode.c.h; path = OpinionViewController.h; sourceTree = "<group>"; };
		9B9A23911FA6C68D00A15C53 /* OpinionViewController.m */ = {isa = PBXFileReference; lastKnownFileType = sourcecode.c.objc; path = OpinionViewController.m; sourceTree = "<group>"; };
		9B9F919A1CCB62BC009ACC37 /* firstView.h */ = {isa = PBXFileReference; fileEncoding = 4; lastKnownFileType = sourcecode.c.h; path = firstView.h; sourceTree = "<group>"; };
		9B9F919B1CCB62BC009ACC37 /* firstView.m */ = {isa = PBXFileReference; fileEncoding = 4; lastKnownFileType = sourcecode.c.objc; path = firstView.m; sourceTree = "<group>"; };
		9B9F919D1CCB62C6009ACC37 /* firstView.xib */ = {isa = PBXFileReference; fileEncoding = 4; lastKnownFileType = file.xib; path = firstView.xib; sourceTree = "<group>"; };
		9BBE684A1F5E3FEA0096A1E7 /* WhereToEat.entitlements */ = {isa = PBXFileReference; lastKnownFileType = text.plist.entitlements; name = WhereToEat.entitlements; path = ../WhereToEat.entitlements; sourceTree = "<group>"; };
		9BBE684C1F5E465E0096A1E7 /* jpush-ios-3.0.6.a */ = {isa = PBXFileReference; lastKnownFileType = archive.ar; path = "jpush-ios-3.0.6.a"; sourceTree = "<group>"; };
		9BBE684D1F5E465E0096A1E7 /* JPUSHService.h */ = {isa = PBXFileReference; fileEncoding = 4; lastKnownFileType = sourcecode.c.h; path = JPUSHService.h; sourceTree = "<group>"; };
		9BBE684F1F5E47FB0096A1E7 /* CFNetwork.framework */ = {isa = PBXFileReference; lastKnownFileType = wrapper.framework; name = CFNetwork.framework; path = System/Library/Frameworks/CFNetwork.framework; sourceTree = SDKROOT; };
		9BBE68511F5E48170096A1E7 /* CoreFoundation.framework */ = {isa = PBXFileReference; lastKnownFileType = wrapper.framework; name = CoreFoundation.framework; path = System/Library/Frameworks/CoreFoundation.framework; sourceTree = SDKROOT; };
		9BBE68531F5E486C0096A1E7 /* UserNotifications.framework */ = {isa = PBXFileReference; lastKnownFileType = wrapper.framework; name = UserNotifications.framework; path = System/Library/Frameworks/UserNotifications.framework; sourceTree = SDKROOT; };
		9BBE68551F5E48820096A1E7 /* libresolv.tbd */ = {isa = PBXFileReference; lastKnownFileType = "sourcecode.text-based-dylib-definition"; name = libresolv.tbd; path = usr/lib/libresolv.tbd; sourceTree = SDKROOT; };
		9BBE68571F5E52B10096A1E7 /* jcore-ios-1.1.5.a */ = {isa = PBXFileReference; lastKnownFileType = archive.ar; name = "jcore-ios-1.1.5.a"; path = "../../../../../jpush-ios-3.0.6-release/Lib/jcore-ios-1.1.5.a"; sourceTree = "<group>"; };
		9BC7F5671ED4214500F7058B /* libcrypto.a */ = {isa = PBXFileReference; lastKnownFileType = archive.ar; path = libcrypto.a; sourceTree = "<group>"; };
		9BC7F5681ED4214500F7058B /* libssl.a */ = {isa = PBXFileReference; lastKnownFileType = archive.ar; path = libssl.a; sourceTree = "<group>"; };
		9BC7F56B1ED4294700F7058B /* mapapi.bundle */ = {isa = PBXFileReference; lastKnownFileType = "wrapper.plug-in"; path = mapapi.bundle; sourceTree = "<group>"; };
		9BC8808D1CC0C98B006341D4 /* Reachability.h */ = {isa = PBXFileReference; fileEncoding = 4; lastKnownFileType = sourcecode.c.h; path = Reachability.h; sourceTree = "<group>"; };
		9BC8808E1CC0C98B006341D4 /* Reachability.m */ = {isa = PBXFileReference; fileEncoding = 4; lastKnownFileType = sourcecode.c.objc; path = Reachability.m; sourceTree = "<group>"; };
		9BC880901CC0CB8D006341D4 /* GuideViewController.h */ = {isa = PBXFileReference; fileEncoding = 4; lastKnownFileType = sourcecode.c.h; path = GuideViewController.h; sourceTree = "<group>"; };
		9BC880911CC0CB8D006341D4 /* GuideViewController.m */ = {isa = PBXFileReference; fileEncoding = 4; lastKnownFileType = sourcecode.c.objc; path = GuideViewController.m; sourceTree = "<group>"; };
		9BC880961CC0E2F1006341D4 /* SetTableViewController.h */ = {isa = PBXFileReference; fileEncoding = 4; lastKnownFileType = sourcecode.c.h; path = SetTableViewController.h; sourceTree = "<group>"; };
		9BC880971CC0E2F1006341D4 /* SetTableViewController.m */ = {isa = PBXFileReference; fileEncoding = 4; lastKnownFileType = sourcecode.c.objc; path = SetTableViewController.m; sourceTree = "<group>"; };
		9BCB09501F60F4F20016AE68 /* KKBaseDao.h */ = {isa = PBXFileReference; fileEncoding = 4; lastKnownFileType = sourcecode.c.h; path = KKBaseDao.h; sourceTree = "<group>"; };
		9BCB09511F60F4F20016AE68 /* KKBaseDao.m */ = {isa = PBXFileReference; fileEncoding = 4; lastKnownFileType = sourcecode.c.objc; path = KKBaseDao.m; sourceTree = "<group>"; };
		9BCB09521F60F4F20016AE68 /* KKDatabase.h */ = {isa = PBXFileReference; fileEncoding = 4; lastKnownFileType = sourcecode.c.h; path = KKDatabase.h; sourceTree = "<group>"; };
		9BCB09571F60F5630016AE68 /* FMDatabase+FTS3.h */ = {isa = PBXFileReference; fileEncoding = 4; lastKnownFileType = sourcecode.c.h; path = "FMDatabase+FTS3.h"; sourceTree = "<group>"; };
		9BCB09581F60F5630016AE68 /* FMDatabase+FTS3.m */ = {isa = PBXFileReference; fileEncoding = 4; lastKnownFileType = sourcecode.c.objc; path = "FMDatabase+FTS3.m"; sourceTree = "<group>"; };
		9BCB09591F60F5630016AE68 /* FMTokenizers.h */ = {isa = PBXFileReference; fileEncoding = 4; lastKnownFileType = sourcecode.c.h; path = FMTokenizers.h; sourceTree = "<group>"; };
		9BCB095A1F60F5630016AE68 /* FMTokenizers.m */ = {isa = PBXFileReference; fileEncoding = 4; lastKnownFileType = sourcecode.c.objc; path = FMTokenizers.m; sourceTree = "<group>"; };
		9BCB095B1F60F5630016AE68 /* fts3_tokenizer.h */ = {isa = PBXFileReference; fileEncoding = 4; lastKnownFileType = sourcecode.c.h; path = fts3_tokenizer.h; sourceTree = "<group>"; };
		9BCB095D1F60F5630016AE68 /* FMDatabase+InMemoryOnDiskIO.h */ = {isa = PBXFileReference; fileEncoding = 4; lastKnownFileType = sourcecode.c.h; path = "FMDatabase+InMemoryOnDiskIO.h"; sourceTree = "<group>"; };
		9BCB095E1F60F5630016AE68 /* FMDatabase+InMemoryOnDiskIO.m */ = {isa = PBXFileReference; fileEncoding = 4; lastKnownFileType = sourcecode.c.objc; path = "FMDatabase+InMemoryOnDiskIO.m"; sourceTree = "<group>"; };
		9BCB095F1F60F5630016AE68 /* FMDatabase.h */ = {isa = PBXFileReference; fileEncoding = 4; lastKnownFileType = sourcecode.c.h; path = FMDatabase.h; sourceTree = "<group>"; };
		9BCB09601F60F5630016AE68 /* FMDatabase.m */ = {isa = PBXFileReference; fileEncoding = 4; lastKnownFileType = sourcecode.c.objc; path = FMDatabase.m; sourceTree = "<group>"; };
		9BCB09611F60F5630016AE68 /* FMDatabaseAdditions.h */ = {isa = PBXFileReference; fileEncoding = 4; lastKnownFileType = sourcecode.c.h; path = FMDatabaseAdditions.h; sourceTree = "<group>"; };
		9BCB09621F60F5630016AE68 /* FMDatabaseAdditions.m */ = {isa = PBXFileReference; fileEncoding = 4; lastKnownFileType = sourcecode.c.objc; path = FMDatabaseAdditions.m; sourceTree = "<group>"; };
		9BCB09631F60F5630016AE68 /* FMDatabasePool.h */ = {isa = PBXFileReference; fileEncoding = 4; lastKnownFileType = sourcecode.c.h; path = FMDatabasePool.h; sourceTree = "<group>"; };
		9BCB09641F60F5630016AE68 /* FMDatabasePool.m */ = {isa = PBXFileReference; fileEncoding = 4; lastKnownFileType = sourcecode.c.objc; path = FMDatabasePool.m; sourceTree = "<group>"; };
		9BCB09651F60F5630016AE68 /* FMDatabaseQueue.h */ = {isa = PBXFileReference; fileEncoding = 4; lastKnownFileType = sourcecode.c.h; path = FMDatabaseQueue.h; sourceTree = "<group>"; };
		9BCB09661F60F5630016AE68 /* FMDatabaseQueue.m */ = {isa = PBXFileReference; fileEncoding = 4; lastKnownFileType = sourcecode.c.objc; path = FMDatabaseQueue.m; sourceTree = "<group>"; };
		9BCB09671F60F5630016AE68 /* FMDB.h */ = {isa = PBXFileReference; fileEncoding = 4; lastKnownFileType = sourcecode.c.h; path = FMDB.h; sourceTree = "<group>"; };
		9BCB09681F60F5630016AE68 /* FMResultSet.h */ = {isa = PBXFileReference; fileEncoding = 4; lastKnownFileType = sourcecode.c.h; path = FMResultSet.h; sourceTree = "<group>"; };
		9BCB09691F60F5630016AE68 /* FMResultSet.m */ = {isa = PBXFileReference; fileEncoding = 4; lastKnownFileType = sourcecode.c.objc; path = FMResultSet.m; sourceTree = "<group>"; };
		9BCB096A1F60F5630016AE68 /* Info.plist */ = {isa = PBXFileReference; fileEncoding = 4; lastKnownFileType = text.plist.xml; path = Info.plist; sourceTree = "<group>"; };
		9BCB09741F611F630016AE68 /* NSString+Valid.h */ = {isa = PBXFileReference; fileEncoding = 4; lastKnownFileType = sourcecode.c.h; path = "NSString+Valid.h"; sourceTree = "<group>"; };
		9BCB09751F611F630016AE68 /* NSString+Valid.m */ = {isa = PBXFileReference; fileEncoding = 4; lastKnownFileType = sourcecode.c.objc; path = "NSString+Valid.m"; sourceTree = "<group>"; };
		9BCB09771F61286F0016AE68 /* FoodLocationDao.h */ = {isa = PBXFileReference; fileEncoding = 4; lastKnownFileType = sourcecode.c.h; path = FoodLocationDao.h; sourceTree = "<group>"; };
		9BCB09781F61286F0016AE68 /* FoodLocationDao.m */ = {isa = PBXFileReference; fileEncoding = 4; lastKnownFileType = sourcecode.c.objc; path = FoodLocationDao.m; sourceTree = "<group>"; };
		9BE50EAF1E61661200BBF6EA /* MKAnnotationView+WebCache.h */ = {isa = PBXFileReference; fileEncoding = 4; lastKnownFileType = sourcecode.c.h; path = "MKAnnotationView+WebCache.h"; sourceTree = "<group>"; };
		9BE50EB01E61661200BBF6EA /* MKAnnotationView+WebCache.m */ = {isa = PBXFileReference; fileEncoding = 4; lastKnownFileType = sourcecode.c.objc; path = "MKAnnotationView+WebCache.m"; sourceTree = "<group>"; };
		9BE50EB11E61661200BBF6EA /* NSData+ImageContentType.h */ = {isa = PBXFileReference; fileEncoding = 4; lastKnownFileType = sourcecode.c.h; path = "NSData+ImageContentType.h"; sourceTree = "<group>"; };
		9BE50EB21E61661200BBF6EA /* NSData+ImageContentType.m */ = {isa = PBXFileReference; fileEncoding = 4; lastKnownFileType = sourcecode.c.objc; path = "NSData+ImageContentType.m"; sourceTree = "<group>"; };
		9BE50EB31E61661200BBF6EA /* SDImageCache.h */ = {isa = PBXFileReference; fileEncoding = 4; lastKnownFileType = sourcecode.c.h; path = SDImageCache.h; sourceTree = "<group>"; };
		9BE50EB41E61661200BBF6EA /* SDImageCache.m */ = {isa = PBXFileReference; fileEncoding = 4; lastKnownFileType = sourcecode.c.objc; path = SDImageCache.m; sourceTree = "<group>"; };
		9BE50EB51E61661200BBF6EA /* SDWebImageCompat.h */ = {isa = PBXFileReference; fileEncoding = 4; lastKnownFileType = sourcecode.c.h; path = SDWebImageCompat.h; sourceTree = "<group>"; };
		9BE50EB61E61661200BBF6EA /* SDWebImageCompat.m */ = {isa = PBXFileReference; fileEncoding = 4; lastKnownFileType = sourcecode.c.objc; path = SDWebImageCompat.m; sourceTree = "<group>"; };
		9BE50EB71E61661200BBF6EA /* SDWebImageDecoder.h */ = {isa = PBXFileReference; fileEncoding = 4; lastKnownFileType = sourcecode.c.h; path = SDWebImageDecoder.h; sourceTree = "<group>"; };
		9BE50EB81E61661200BBF6EA /* SDWebImageDecoder.m */ = {isa = PBXFileReference; fileEncoding = 4; lastKnownFileType = sourcecode.c.objc; path = SDWebImageDecoder.m; sourceTree = "<group>"; };
		9BE50EB91E61661200BBF6EA /* SDWebImageDownloader.h */ = {isa = PBXFileReference; fileEncoding = 4; lastKnownFileType = sourcecode.c.h; path = SDWebImageDownloader.h; sourceTree = "<group>"; };
		9BE50EBA1E61661200BBF6EA /* SDWebImageDownloader.m */ = {isa = PBXFileReference; fileEncoding = 4; lastKnownFileType = sourcecode.c.objc; path = SDWebImageDownloader.m; sourceTree = "<group>"; };
		9BE50EBB1E61661200BBF6EA /* SDWebImageDownloaderOperation.h */ = {isa = PBXFileReference; fileEncoding = 4; lastKnownFileType = sourcecode.c.h; path = SDWebImageDownloaderOperation.h; sourceTree = "<group>"; };
		9BE50EBC1E61661200BBF6EA /* SDWebImageDownloaderOperation.m */ = {isa = PBXFileReference; fileEncoding = 4; lastKnownFileType = sourcecode.c.objc; path = SDWebImageDownloaderOperation.m; sourceTree = "<group>"; };
		9BE50EBD1E61661200BBF6EA /* SDWebImageManager.h */ = {isa = PBXFileReference; fileEncoding = 4; lastKnownFileType = sourcecode.c.h; path = SDWebImageManager.h; sourceTree = "<group>"; };
		9BE50EBE1E61661200BBF6EA /* SDWebImageManager.m */ = {isa = PBXFileReference; fileEncoding = 4; lastKnownFileType = sourcecode.c.objc; path = SDWebImageManager.m; sourceTree = "<group>"; };
		9BE50EBF1E61661200BBF6EA /* SDWebImageOperation.h */ = {isa = PBXFileReference; fileEncoding = 4; lastKnownFileType = sourcecode.c.h; path = SDWebImageOperation.h; sourceTree = "<group>"; };
		9BE50EC01E61661200BBF6EA /* SDWebImagePrefetcher.h */ = {isa = PBXFileReference; fileEncoding = 4; lastKnownFileType = sourcecode.c.h; path = SDWebImagePrefetcher.h; sourceTree = "<group>"; };
		9BE50EC11E61661200BBF6EA /* SDWebImagePrefetcher.m */ = {isa = PBXFileReference; fileEncoding = 4; lastKnownFileType = sourcecode.c.objc; path = SDWebImagePrefetcher.m; sourceTree = "<group>"; };
		9BE50EC21E61661200BBF6EA /* UIButton+WebCache.h */ = {isa = PBXFileReference; fileEncoding = 4; lastKnownFileType = sourcecode.c.h; path = "UIButton+WebCache.h"; sourceTree = "<group>"; };
		9BE50EC31E61661200BBF6EA /* UIButton+WebCache.m */ = {isa = PBXFileReference; fileEncoding = 4; lastKnownFileType = sourcecode.c.objc; path = "UIButton+WebCache.m"; sourceTree = "<group>"; };
		9BE50EC41E61661200BBF6EA /* UIImage+GIF.h */ = {isa = PBXFileReference; fileEncoding = 4; lastKnownFileType = sourcecode.c.h; path = "UIImage+GIF.h"; sourceTree = "<group>"; };
		9BE50EC51E61661200BBF6EA /* UIImage+GIF.m */ = {isa = PBXFileReference; fileEncoding = 4; lastKnownFileType = sourcecode.c.objc; path = "UIImage+GIF.m"; sourceTree = "<group>"; };
		9BE50EC61E61661200BBF6EA /* UIImage+MultiFormat.h */ = {isa = PBXFileReference; fileEncoding = 4; lastKnownFileType = sourcecode.c.h; path = "UIImage+MultiFormat.h"; sourceTree = "<group>"; };
		9BE50EC71E61661200BBF6EA /* UIImage+MultiFormat.m */ = {isa = PBXFileReference; fileEncoding = 4; lastKnownFileType = sourcecode.c.objc; path = "UIImage+MultiFormat.m"; sourceTree = "<group>"; };
		9BE50EC81E61661200BBF6EA /* UIImage+WebP.h */ = {isa = PBXFileReference; fileEncoding = 4; lastKnownFileType = sourcecode.c.h; path = "UIImage+WebP.h"; sourceTree = "<group>"; };
		9BE50EC91E61661200BBF6EA /* UIImage+WebP.m */ = {isa = PBXFileReference; fileEncoding = 4; lastKnownFileType = sourcecode.c.objc; path = "UIImage+WebP.m"; sourceTree = "<group>"; };
		9BE50ECA1E61661200BBF6EA /* UIImageView+HighlightedWebCache.h */ = {isa = PBXFileReference; fileEncoding = 4; lastKnownFileType = sourcecode.c.h; path = "UIImageView+HighlightedWebCache.h"; sourceTree = "<group>"; };
		9BE50ECB1E61661200BBF6EA /* UIImageView+HighlightedWebCache.m */ = {isa = PBXFileReference; fileEncoding = 4; lastKnownFileType = sourcecode.c.objc; path = "UIImageView+HighlightedWebCache.m"; sourceTree = "<group>"; };
		9BE50ECC1E61661200BBF6EA /* UIImageView+WebCache.h */ = {isa = PBXFileReference; fileEncoding = 4; lastKnownFileType = sourcecode.c.h; path = "UIImageView+WebCache.h"; sourceTree = "<group>"; };
		9BE50ECD1E61661200BBF6EA /* UIImageView+WebCache.m */ = {isa = PBXFileReference; fileEncoding = 4; lastKnownFileType = sourcecode.c.objc; path = "UIImageView+WebCache.m"; sourceTree = "<group>"; };
		9BE50ECE1E61661200BBF6EA /* UIView+WebCacheOperation.h */ = {isa = PBXFileReference; fileEncoding = 4; lastKnownFileType = sourcecode.c.h; path = "UIView+WebCacheOperation.h"; sourceTree = "<group>"; };
		9BE50ECF1E61661200BBF6EA /* UIView+WebCacheOperation.m */ = {isa = PBXFileReference; fileEncoding = 4; lastKnownFileType = sourcecode.c.objc; path = "UIView+WebCacheOperation.m"; sourceTree = "<group>"; };
		9BE50EE11E61685C00BBF6EA /* NSDictionary+JsonDict.m */ = {isa = PBXFileReference; fileEncoding = 4; lastKnownFileType = sourcecode.c.objc; path = "NSDictionary+JsonDict.m"; sourceTree = "<group>"; };
		9BE50EE21E61685C00BBF6EA /* NSDictionary+JsonDict.h */ = {isa = PBXFileReference; fileEncoding = 4; lastKnownFileType = sourcecode.c.h; path = "NSDictionary+JsonDict.h"; sourceTree = "<group>"; };
		9BE50EE41E61687400BBF6EA /* CategoryHeader.h */ = {isa = PBXFileReference; lastKnownFileType = sourcecode.c.h; path = CategoryHeader.h; sourceTree = "<group>"; };
		9BE50EE51E6169E200BBF6EA /* NSObject+Convertor.m */ = {isa = PBXFileReference; fileEncoding = 4; lastKnownFileType = sourcecode.c.objc; path = "NSObject+Convertor.m"; sourceTree = "<group>"; };
		9BE50EE61E6169E200BBF6EA /* NSObject+Convertor.h */ = {isa = PBXFileReference; fileEncoding = 4; lastKnownFileType = sourcecode.c.h; path = "NSObject+Convertor.h"; sourceTree = "<group>"; };
/* End PBXFileReference section */

/* Begin PBXFrameworksBuildPhase section */
		9B1239D81CBD14A100FCE823 /* Frameworks */ = {
			isa = PBXFrameworksBuildPhase;
			buildActionMask = 2147483647;
			files = (
				9B2A66761FB5806B00DBDD58 /* ImageIO.framework in Frameworks */,
				9BBE68561F5E48820096A1E7 /* libresolv.tbd in Frameworks */,
				9BBE68541F5E486C0096A1E7 /* UserNotifications.framework in Frameworks */,
				9B44A5EF1F5F9A0000C32839 /* BaiduMapAPI_Utils.framework in Frameworks */,
				9BBE68521F5E48170096A1E7 /* CoreFoundation.framework in Frameworks */,
				9BBE68501F5E47FB0096A1E7 /* CFNetwork.framework in Frameworks */,
				9B84AC0F1D4701570062D663 /* libc++.tbd in Frameworks */,
				9B84AC0D1D4701420062D663 /* libz.tbd in Frameworks */,
				9B123A6D1CBD166100FCE823 /* CoreLocation.framework in Frameworks */,
				9B123A6B1CBD165600FCE823 /* QuartzCore.framework in Frameworks */,
				9BBE684E1F5E465E0096A1E7 /* jpush-ios-3.0.6.a in Frameworks */,
				9B123A691CBD164600FCE823 /* OpenGLES.framework in Frameworks */,
				9BBE68581F5E52B10096A1E7 /* jcore-ios-1.1.5.a in Frameworks */,
				9B123A671CBD163E00FCE823 /* SystemConfiguration.framework in Frameworks */,
				9B123A651CBD163600FCE823 /* CoreGraphics.framework in Frameworks */,
				9B44A5EC1F5F9A0000C32839 /* BaiduMapAPI_Location.framework in Frameworks */,
				9BC7F5691ED4214500F7058B /* libcrypto.a in Frameworks */,
				9B44A5ED1F5F9A0000C32839 /* BaiduMapAPI_Map.framework in Frameworks */,
				9B123A631CBD162C00FCE823 /* Security.framework in Frameworks */,
				9B2A666E1FB53E3500DBDD58 /* Bugtags.framework in Frameworks */,
				9B44A5EB1F5F9A0000C32839 /* BaiduMapAPI_Base.framework in Frameworks */,
				9B123A611CBD162200FCE823 /* CoreTelephony.framework in Frameworks */,
				9B123A5F1CBD161900FCE823 /* libsqlite3.0.tbd in Frameworks */,
				9B44A5EE1F5F9A0000C32839 /* BaiduMapAPI_Search.framework in Frameworks */,
				9B123A5D1CBD160600FCE823 /* libstdc++.6.0.9.tbd in Frameworks */,
				9B123A5B1CBD15F700FCE823 /* AdSupport.framework in Frameworks */,
				9B123A591CBD15EF00FCE823 /* AudioToolbox.framework in Frameworks */,
				9BC7F56A1ED4214500F7058B /* libssl.a in Frameworks */,
				9B123A571CBD15E100FCE823 /* AVFoundation.framework in Frameworks */,
				9B123A551CBD15D200FCE823 /* CoreMedia.framework in Frameworks */,
				9B123A521CBD15C200FCE823 /* EventKit.framework in Frameworks */,
				9B123A531CBD15C200FCE823 /* EventKitUI.framework in Frameworks */,
				9B123A4F1CBD15B000FCE823 /* MediaPlayer.framework in Frameworks */,
				9B123A4D1CBD15A600FCE823 /* MessageUI.framework in Frameworks */,
				9B123A4B1CBD159E00FCE823 /* StoreKit.framework in Frameworks */,
				9B84AC0A1D46FFF40062D663 /* libWeChatSDK.a in Frameworks */,
			);
			runOnlyForDeploymentPostprocessing = 0;
		};
/* End PBXFrameworksBuildPhase section */

/* Begin PBXGroup section */
		9B1239D21CBD14A100FCE823 = {
			isa = PBXGroup;
			children = (
				9B1239DD1CBD14A100FCE823 /* WhereToEat */,
				9B1239F71CBD14A200FCE823 /* WhereToEatTests */,
				9B123A021CBD14A200FCE823 /* WhereToEatUITests */,
				9B1239DC1CBD14A100FCE823 /* Products */,
				9BC7F5581ED41F8100F7058B /* Frameworks */,
			);
			sourceTree = "<group>";
		};
		9B1239DC1CBD14A100FCE823 /* Products */ = {
			isa = PBXGroup;
			children = (
				9B1239DB1CBD14A100FCE823 /* WhereToEat.app */,
			);
			name = Products;
			sourceTree = "<group>";
		};
		9B1239DD1CBD14A100FCE823 /* WhereToEat */ = {
			isa = PBXGroup;
			children = (
				9B295C8A1F691BCC00666EBD /* Utils */,
				9BE50EE01E61682A00BBF6EA /* Category */,
				9BE50EA51E615CE300BBF6EA /* Cell */,
				9B123A881CBE662F00FCE823 /* Manager */,
				9B123A1D1CBD151000FCE823 /* Model */,
				9B123A391CBD151000FCE823 /* View */,
				9BCB094F1F60F4F20016AE68 /* DataBase */,
				9B123A111CBD14E700FCE823 /* Controller */,
				9B123A221CBD151000FCE823 /* Other */,
				9B1239EA1CBD14A200FCE823 /* Assets.xcassets */,
				9B58240C1CCDC4300020BA5C /* Main.storyboard */,
				9B1239EC1CBD14A200FCE823 /* LaunchScreen.storyboard */,
				9B1239EF1CBD14A200FCE823 /* Info.plist */,
				9B1239DE1CBD14A100FCE823 /* Supporting Files */,
			);
			path = WhereToEat;
			sourceTree = "<group>";
		};
		9B1239DE1CBD14A100FCE823 /* Supporting Files */ = {
			isa = PBXGroup;
			children = (
				9B1239DF1CBD14A100FCE823 /* main.m */,
			);
			name = "Supporting Files";
			sourceTree = "<group>";
		};
		9B1239F71CBD14A200FCE823 /* WhereToEatTests */ = {
			isa = PBXGroup;
			children = (
				9B1239F81CBD14A200FCE823 /* WhereToEatTests.m */,
				9B1239FA1CBD14A200FCE823 /* Info.plist */,
			);
			path = WhereToEatTests;
			sourceTree = "<group>";
		};
		9B123A021CBD14A200FCE823 /* WhereToEatUITests */ = {
			isa = PBXGroup;
			children = (
				9B123A031CBD14A200FCE823 /* WhereToEatUITests.m */,
				9B123A051CBD14A200FCE823 /* Info.plist */,
			);
			path = WhereToEatUITests;
			sourceTree = "<group>";
		};
		9B123A111CBD14E700FCE823 /* Controller */ = {
			isa = PBXGroup;
			children = (
				9B123A141CBD14E700FCE823 /* OldViewController.h */,
				9B123A151CBD14E700FCE823 /* OldViewController.m */,
				9B123A121CBD14E700FCE823 /* NewViewController.h */,
				9B123A131CBD14E700FCE823 /* NewViewController.m */,
				9BC880961CC0E2F1006341D4 /* SetTableViewController.h */,
				9BC880971CC0E2F1006341D4 /* SetTableViewController.m */,
				9B123A7A1CBDEC5000FCE823 /* DetailViewController.h */,
				9B123A7B1CBDEC5000FCE823 /* DetailViewController.m */,
				9BC880901CC0CB8D006341D4 /* GuideViewController.h */,
				9BC880911CC0CB8D006341D4 /* GuideViewController.m */,
				9B123A161CBD14E700FCE823 /* RootTabbarViewController.h */,
				9B123A171CBD14E700FCE823 /* RootTabbarViewController.m */,
				9B295C7C1F67787100666EBD /* PushMessageListViewController.h */,
				9B295C7D1F67787100666EBD /* PushMessageListViewController.m */,
				9B53D8F31F7106DD00CC9287 /* MyFavoriteViewController.h */,
				9B53D8F41F7106DD00CC9287 /* MyFavoriteViewController.m */,
				9B9A23901FA6C68D00A15C53 /* OpinionViewController.h */,
				9B9A23911FA6C68D00A15C53 /* OpinionViewController.m */,
			);
			path = Controller;
			sourceTree = "<group>";
		};
		9B123A1D1CBD151000FCE823 /* Model */ = {
			isa = PBXGroup;
			children = (
				9B123A771CBD1B6300FCE823 /* MyPointAnnotation.h */,
				9B123A781CBD1B6300FCE823 /* MyPointAnnotation.m */,
				9B2A667A1FB5878400DBDD58 /* WLPoiDetailResult.h */,
				9B2A667B1FB5878400DBDD58 /* WLPoiDetailResult.m */,
			);
			path = Model;
			sourceTree = "<group>";
		};
		9B123A221CBD151000FCE823 /* Other */ = {
			isa = PBXGroup;
			children = (
				9B2A666A1FB53DF100DBDD58 /* BugTags_2.4.0 */,
				9BCB09541F60F5630016AE68 /* fmdb */,
				9BBE684B1F5E45B00096A1E7 /* JPush */,
				9BBE684A1F5E3FEA0096A1E7 /* WhereToEat.entitlements */,
				9BE50EAE1E61661200BBF6EA /* SDWebImage */,
				9B84AC041D46FFF40062D663 /* openSDK1.7.2 */,
				9BC8808C1CC0C98B006341D4 /* Reachability */,
				9B41DF3B1CBF730B00D493FA /* LocationChange */,
				9B123A831CBE26AE00FCE823 /* WCAlertView */,
				9B123A7D1CBE1DD300FCE823 /* SVProgressHUD */,
				9B123A311CBD151000FCE823 /* sdk */,
				9B123A6F1CBD170500FCE823 /* SphereView */,
				9B123A2D1CBD151000FCE823 /* AppDelegate.h */,
				9B123A2E1CBD151000FCE823 /* AppDelegate.mm */,
				9B123A2F1CBD151000FCE823 /* CommonMacro.h */,
				9B123A301CBD151000FCE823 /* PrefixHeader.pch */,
				9B295C871F67C89400666EBD /* ServiceInterface.h */,
			);
			path = Other;
			sourceTree = "<group>";
		};
		9B123A311CBD151000FCE823 /* sdk */ = {
			isa = PBXGroup;
			children = (
				9B44A5E61F5F9A0000C32839 /* BaiduMapAPI_Base.framework */,
				9B44A5E71F5F9A0000C32839 /* BaiduMapAPI_Location.framework */,
				9B44A5E81F5F9A0000C32839 /* BaiduMapAPI_Map.framework */,
				9B44A5E91F5F9A0000C32839 /* BaiduMapAPI_Search.framework */,
				9B44A5EA1F5F9A0000C32839 /* BaiduMapAPI_Utils.framework */,
				9BC7F56B1ED4294700F7058B /* mapapi.bundle */,
				9BC7F5671ED4214500F7058B /* libcrypto.a */,
				9BC7F5681ED4214500F7058B /* libssl.a */,
			);
			path = sdk;
			sourceTree = "<group>";
		};
		9B123A391CBD151000FCE823 /* View */ = {
			isa = PBXGroup;
			children = (
				9B123A3A1CBD151000FCE823 /* MyPopView.h */,
				9B123A3B1CBD151000FCE823 /* MyPopView.m */,
				9B123A3C1CBD151000FCE823 /* MyPopView.xib */,
				9B9F919A1CCB62BC009ACC37 /* firstView.h */,
				9B9F919B1CCB62BC009ACC37 /* firstView.m */,
				9B9F919D1CCB62C6009ACC37 /* firstView.xib */,
				9B84AC121D4742340062D663 /* ShareView.h */,
				9B84AC131D4742340062D663 /* ShareView.m */,
				9B84AC101D4742290062D663 /* ShareView.xib */,
				9B53D8F61F710B0000CC9287 /* MyFavoriteView.h */,
				9B53D8F71F710B0000CC9287 /* MyFavoriteView.m */,
				9B53D8F91F710B0F00CC9287 /* MyFavoriteView.xib */,
			);
			path = View;
			sourceTree = "<group>";
		};
		9B123A6F1CBD170500FCE823 /* SphereView */ = {
			isa = PBXGroup;
			children = (
				9B123A701CBD170500FCE823 /* XLMatrix.h */,
				9B123A711CBD170500FCE823 /* XLPoint.h */,
				9B123A721CBD170500FCE823 /* XLSphereView.h */,
				9B123A731CBD170500FCE823 /* XLSphereView.m */,
			);
			path = SphereView;
			sourceTree = "<group>";
		};
		9B123A7D1CBE1DD300FCE823 /* SVProgressHUD */ = {
			isa = PBXGroup;
			children = (
				9B123A7E1CBE1DD300FCE823 /* SVProgressHUD.bundle */,
				9B123A7F1CBE1DD300FCE823 /* SVProgressHUD.h */,
				9B123A801CBE1DD300FCE823 /* SVProgressHUD.m */,
			);
			path = SVProgressHUD;
			sourceTree = "<group>";
		};
		9B123A831CBE26AE00FCE823 /* WCAlertView */ = {
			isa = PBXGroup;
			children = (
				9B123A841CBE26AE00FCE823 /* WCAlertView.h */,
				9B123A851CBE26AE00FCE823 /* WCAlertView.m */,
			);
			path = WCAlertView;
			sourceTree = "<group>";
		};
		9B123A881CBE662F00FCE823 /* Manager */ = {
			isa = PBXGroup;
			children = (
				9B123A891CBE664F00FCE823 /* LocalManager.h */,
				9B123A8A1CBE664F00FCE823 /* LocalManager.m */,
				9B2A667D1FB5955200DBDD58 /* WLGlobalManager.h */,
				9B2A667E1FB5955200DBDD58 /* WLGlobalManager.m */,
			);
			path = Manager;
			sourceTree = "<group>";
		};
		9B295C8A1F691BCC00666EBD /* Utils */ = {
			isa = PBXGroup;
			children = (
				9B295C8B1F691E7400666EBD /* NetWorkingUtils.h */,
				9B295C8C1F691E7400666EBD /* NetWorkingUtils.m */,
			);
			path = Utils;
			sourceTree = "<group>";
		};
		9B2A666A1FB53DF100DBDD58 /* BugTags_2.4.0 */ = {
			isa = PBXGroup;
			children = (
				9B2A666B1FB53E3300DBDD58 /* Bugtags.bundle */,
				9B2A666C1FB53E3500DBDD58 /* Bugtags.framework */,
			);
			path = BugTags_2.4.0;
			sourceTree = "<group>";
		};
		9B41DF3B1CBF730B00D493FA /* LocationChange */ = {
			isa = PBXGroup;
			children = (
				9B41DF3C1CBF730B00D493FA /* LocationChange.h */,
				9B41DF3D1CBF730B00D493FA /* LocationChange.m */,
			);
			path = LocationChange;
			sourceTree = "<group>";
		};
		9B84AC041D46FFF40062D663 /* openSDK1.7.2 */ = {
			isa = PBXGroup;
			children = (
				9B84AC051D46FFF40062D663 /* libWeChatSDK.a */,
				9B84AC061D46FFF40062D663 /* README.txt */,
				9B84AC071D46FFF40062D663 /* WechatAuthSDK.h */,
				9B84AC081D46FFF40062D663 /* WXApi.h */,
				9B84AC091D46FFF40062D663 /* WXApiObject.h */,
			);
			path = openSDK1.7.2;
			sourceTree = "<group>";
		};
		9BBE684B1F5E45B00096A1E7 /* JPush */ = {
			isa = PBXGroup;
			children = (
				9BBE68571F5E52B10096A1E7 /* jcore-ios-1.1.5.a */,
				9BBE684C1F5E465E0096A1E7 /* jpush-ios-3.0.6.a */,
				9BBE684D1F5E465E0096A1E7 /* JPUSHService.h */,
			);
			path = JPush;
			sourceTree = "<group>";
		};
		9BC7F5581ED41F8100F7058B /* Frameworks */ = {
			isa = PBXGroup;
			children = (
				9B2A66751FB5805300DBDD58 /* ImageIO.framework */,
				9B84AC0E1D4701570062D663 /* libc++.tbd */,
				9B84AC0C1D4701420062D663 /* libz.tbd */,
				9B123A6C1CBD166100FCE823 /* CoreLocation.framework */,
				9B123A6A1CBD165600FCE823 /* QuartzCore.framework */,
				9B123A681CBD164600FCE823 /* OpenGLES.framework */,
				9B123A661CBD163E00FCE823 /* SystemConfiguration.framework */,
				9B123A641CBD163600FCE823 /* CoreGraphics.framework */,
				9B123A621CBD162C00FCE823 /* Security.framework */,
				9B123A601CBD162200FCE823 /* CoreTelephony.framework */,
				9B123A5E1CBD161900FCE823 /* libsqlite3.0.tbd */,
				9B123A5C1CBD160600FCE823 /* libstdc++.6.0.9.tbd */,
				9B123A5A1CBD15F700FCE823 /* AdSupport.framework */,
				9B123A581CBD15EF00FCE823 /* AudioToolbox.framework */,
				9B123A561CBD15E100FCE823 /* AVFoundation.framework */,
				9B123A541CBD15D200FCE823 /* CoreMedia.framework */,
				9B123A501CBD15C200FCE823 /* EventKit.framework */,
				9B123A511CBD15C200FCE823 /* EventKitUI.framework */,
				9B123A4E1CBD15B000FCE823 /* MediaPlayer.framework */,
				9B123A4C1CBD15A600FCE823 /* MessageUI.framework */,
				9B123A4A1CBD159E00FCE823 /* StoreKit.framework */,
				9BBE68551F5E48820096A1E7 /* libresolv.tbd */,
				9BBE68531F5E486C0096A1E7 /* UserNotifications.framework */,
				9BBE68511F5E48170096A1E7 /* CoreFoundation.framework */,
				9BBE684F1F5E47FB0096A1E7 /* CFNetwork.framework */,
			);
			name = Frameworks;
			sourceTree = "<group>";
		};
		9BC8808C1CC0C98B006341D4 /* Reachability */ = {
			isa = PBXGroup;
			children = (
				9BC8808D1CC0C98B006341D4 /* Reachability.h */,
				9BC8808E1CC0C98B006341D4 /* Reachability.m */,
			);
			path = Reachability;
			sourceTree = "<group>";
		};
		9BCB094F1F60F4F20016AE68 /* DataBase */ = {
			isa = PBXGroup;
			children = (
				9BCB09501F60F4F20016AE68 /* KKBaseDao.h */,
				9BCB09511F60F4F20016AE68 /* KKBaseDao.m */,
				9BCB09521F60F4F20016AE68 /* KKDatabase.h */,
				9BCB09771F61286F0016AE68 /* FoodLocationDao.h */,
				9BCB09781F61286F0016AE68 /* FoodLocationDao.m */,
			);
			name = DataBase;
			path = Other/DataBase;
			sourceTree = "<group>";
		};
		9BCB09541F60F5630016AE68 /* fmdb */ = {
			isa = PBXGroup;
			children = (
				9BCB09551F60F5630016AE68 /* extra */,
				9BCB095F1F60F5630016AE68 /* FMDatabase.h */,
				9BCB09601F60F5630016AE68 /* FMDatabase.m */,
				9BCB09611F60F5630016AE68 /* FMDatabaseAdditions.h */,
				9BCB09621F60F5630016AE68 /* FMDatabaseAdditions.m */,
				9BCB09631F60F5630016AE68 /* FMDatabasePool.h */,
				9BCB09641F60F5630016AE68 /* FMDatabasePool.m */,
				9BCB09651F60F5630016AE68 /* FMDatabaseQueue.h */,
				9BCB09661F60F5630016AE68 /* FMDatabaseQueue.m */,
				9BCB09671F60F5630016AE68 /* FMDB.h */,
				9BCB09681F60F5630016AE68 /* FMResultSet.h */,
				9BCB09691F60F5630016AE68 /* FMResultSet.m */,
				9BCB096A1F60F5630016AE68 /* Info.plist */,
			);
			path = fmdb;
			sourceTree = "<group>";
		};
		9BCB09551F60F5630016AE68 /* extra */ = {
			isa = PBXGroup;
			children = (
				9BCB09561F60F5630016AE68 /* fts3 */,
				9BCB095C1F60F5630016AE68 /* InMemoryOnDiskIO */,
			);
			path = extra;
			sourceTree = "<group>";
		};
		9BCB09561F60F5630016AE68 /* fts3 */ = {
			isa = PBXGroup;
			children = (
				9BCB09571F60F5630016AE68 /* FMDatabase+FTS3.h */,
				9BCB09581F60F5630016AE68 /* FMDatabase+FTS3.m */,
				9BCB09591F60F5630016AE68 /* FMTokenizers.h */,
				9BCB095A1F60F5630016AE68 /* FMTokenizers.m */,
				9BCB095B1F60F5630016AE68 /* fts3_tokenizer.h */,
			);
			path = fts3;
			sourceTree = "<group>";
		};
		9BCB095C1F60F5630016AE68 /* InMemoryOnDiskIO */ = {
			isa = PBXGroup;
			children = (
				9BCB095D1F60F5630016AE68 /* FMDatabase+InMemoryOnDiskIO.h */,
				9BCB095E1F60F5630016AE68 /* FMDatabase+InMemoryOnDiskIO.m */,
			);
			path = InMemoryOnDiskIO;
			sourceTree = "<group>";
		};
		9BE50EA51E615CE300BBF6EA /* Cell */ = {
			isa = PBXGroup;
			children = (
				9B295C7F1F67794C00666EBD /* PushMesCell.h */,
				9B295C801F67794C00666EBD /* PushMesCell.m */,
				9B295C811F67794C00666EBD /* PushMesCell.xib */,
			);
			path = Cell;
			sourceTree = "<group>";
		};
		9BE50EAE1E61661200BBF6EA /* SDWebImage */ = {
			isa = PBXGroup;
			children = (
				9BE50EAF1E61661200BBF6EA /* MKAnnotationView+WebCache.h */,
				9BE50EB01E61661200BBF6EA /* MKAnnotationView+WebCache.m */,
				9BE50EB11E61661200BBF6EA /* NSData+ImageContentType.h */,
				9BE50EB21E61661200BBF6EA /* NSData+ImageContentType.m */,
				9BE50EB31E61661200BBF6EA /* SDImageCache.h */,
				9BE50EB41E61661200BBF6EA /* SDImageCache.m */,
				9BE50EB51E61661200BBF6EA /* SDWebImageCompat.h */,
				9BE50EB61E61661200BBF6EA /* SDWebImageCompat.m */,
				9BE50EB71E61661200BBF6EA /* SDWebImageDecoder.h */,
				9BE50EB81E61661200BBF6EA /* SDWebImageDecoder.m */,
				9BE50EB91E61661200BBF6EA /* SDWebImageDownloader.h */,
				9BE50EBA1E61661200BBF6EA /* SDWebImageDownloader.m */,
				9BE50EBB1E61661200BBF6EA /* SDWebImageDownloaderOperation.h */,
				9BE50EBC1E61661200BBF6EA /* SDWebImageDownloaderOperation.m */,
				9BE50EBD1E61661200BBF6EA /* SDWebImageManager.h */,
				9BE50EBE1E61661200BBF6EA /* SDWebImageManager.m */,
				9BE50EBF1E61661200BBF6EA /* SDWebImageOperation.h */,
				9BE50EC01E61661200BBF6EA /* SDWebImagePrefetcher.h */,
				9BE50EC11E61661200BBF6EA /* SDWebImagePrefetcher.m */,
				9BE50EC21E61661200BBF6EA /* UIButton+WebCache.h */,
				9BE50EC31E61661200BBF6EA /* UIButton+WebCache.m */,
				9BE50EC41E61661200BBF6EA /* UIImage+GIF.h */,
				9BE50EC51E61661200BBF6EA /* UIImage+GIF.m */,
				9BE50EC61E61661200BBF6EA /* UIImage+MultiFormat.h */,
				9BE50EC71E61661200BBF6EA /* UIImage+MultiFormat.m */,
				9BE50EC81E61661200BBF6EA /* UIImage+WebP.h */,
				9BE50EC91E61661200BBF6EA /* UIImage+WebP.m */,
				9BE50ECA1E61661200BBF6EA /* UIImageView+HighlightedWebCache.h */,
				9BE50ECB1E61661200BBF6EA /* UIImageView+HighlightedWebCache.m */,
				9BE50ECC1E61661200BBF6EA /* UIImageView+WebCache.h */,
				9BE50ECD1E61661200BBF6EA /* UIImageView+WebCache.m */,
				9BE50ECE1E61661200BBF6EA /* UIView+WebCacheOperation.h */,
				9BE50ECF1E61661200BBF6EA /* UIView+WebCacheOperation.m */,
			);
			path = SDWebImage;
			sourceTree = "<group>";
		};
		9BE50EE01E61682A00BBF6EA /* Category */ = {
			isa = PBXGroup;
			children = (
				9BE50EE41E61687400BBF6EA /* CategoryHeader.h */,
				9BE50EE21E61685C00BBF6EA /* NSDictionary+JsonDict.h */,
				9BE50EE11E61685C00BBF6EA /* NSDictionary+JsonDict.m */,
				9BE50EE51E6169E200BBF6EA /* NSObject+Convertor.m */,
				9BE50EE61E6169E200BBF6EA /* NSObject+Convertor.h */,
				9BCB09741F611F630016AE68 /* NSString+Valid.h */,
				9BCB09751F611F630016AE68 /* NSString+Valid.m */,
			);
			path = Category;
			sourceTree = "<group>";
		};
/* End PBXGroup section */

/* Begin PBXNativeTarget section */
		9B1239DA1CBD14A100FCE823 /* WhereToEat */ = {
			isa = PBXNativeTarget;
			buildConfigurationList = 9B123A081CBD14A200FCE823 /* Build configuration list for PBXNativeTarget "WhereToEat" */;
			buildPhases = (
				9B1239D71CBD14A100FCE823 /* Sources */,
				9B1239D81CBD14A100FCE823 /* Frameworks */,
				9B1239D91CBD14A100FCE823 /* Resources */,
				9B3A29921DAC828800875FAB /* Embed App Extensions */,
			);
			buildRules = (
			);
			dependencies = (
			);
			name = WhereToEat;
			productName = WhereToEat;
			productReference = 9B1239DB1CBD14A100FCE823 /* WhereToEat.app */;
			productType = "com.apple.product-type.application";
		};
/* End PBXNativeTarget section */

/* Begin PBXProject section */
		9B1239D31CBD14A100FCE823 /* Project object */ = {
			isa = PBXProject;
			attributes = {
				LastUpgradeCheck = 0810;
				ORGANIZATIONNAME = WLtech;
				TargetAttributes = {
					9B1239DA1CBD14A100FCE823 = {
						CreatedOnToolsVersion = 7.3;
						DevelopmentTeam = D5PE98ZY97;
						ProvisioningStyle = Manual;
						SystemCapabilities = {
							com.apple.BackgroundModes = {
								enabled = 1;
							};
							com.apple.Push = {
								enabled = 1;
							};
						};
					};
				};
			};
			buildConfigurationList = 9B1239D61CBD14A100FCE823 /* Build configuration list for PBXProject "WhereToEat" */;
			compatibilityVersion = "Xcode 3.2";
			developmentRegion = English;
			hasScannedForEncodings = 0;
			knownRegions = (
				en,
				Base,
			);
			mainGroup = 9B1239D21CBD14A100FCE823;
			productRefGroup = 9B1239DC1CBD14A100FCE823 /* Products */;
			projectDirPath = "";
			projectRoot = "";
			targets = (
				9B1239DA1CBD14A100FCE823 /* WhereToEat */,
			);
		};
/* End PBXProject section */

/* Begin PBXResourcesBuildPhase section */
		9B1239D91CBD14A100FCE823 /* Resources */ = {
			isa = PBXResourcesBuildPhase;
			buildActionMask = 2147483647;
			files = (
				9B9F919E1CCB62C6009ACC37 /* firstView.xib in Resources */,
				9B295C831F67794C00666EBD /* PushMesCell.xib in Resources */,
				9BC7F56C1ED4294700F7058B /* mapapi.bundle in Resources */,
				9B84AC0B1D46FFF40062D663 /* README.txt in Resources */,
				9B1239EE1CBD14A200FCE823 /* LaunchScreen.storyboard in Resources */,
				9B123A811CBE1DD300FCE823 /* SVProgressHUD.bundle in Resources */,
				9B123A491CBD151000FCE823 /* MyPopView.xib in Resources */,
				9B1239EB1CBD14A200FCE823 /* Assets.xcassets in Resources */,
				9B53D8FA1F710B0F00CC9287 /* MyFavoriteView.xib in Resources */,
				9B2A666D1FB53E3500DBDD58 /* Bugtags.bundle in Resources */,
				9B84AC111D4742290062D663 /* ShareView.xib in Resources */,
				9BCB09731F60F5630016AE68 /* Info.plist in Resources */,
				9B58240D1CCDC4300020BA5C /* Main.storyboard in Resources */,
			);
			runOnlyForDeploymentPostprocessing = 0;
		};
/* End PBXResourcesBuildPhase section */

/* Begin PBXSourcesBuildPhase section */
		9B1239D71CBD14A100FCE823 /* Sources */ = {
			isa = PBXSourcesBuildPhase;
			buildActionMask = 2147483647;
			files = (
				9BE50EDA1E61661200BBF6EA /* UIImage+GIF.m in Sources */,
				9B123A1A1CBD14E700FCE823 /* RootTabbarViewController.m in Sources */,
				9B2A667F1FB5955200DBDD58 /* WLGlobalManager.m in Sources */,
				9B123A791CBD1B6300FCE823 /* MyPointAnnotation.m in Sources */,
				9BC880921CC0CB8D006341D4 /* GuideViewController.m in Sources */,
				9BE50EE71E6169E200BBF6EA /* NSObject+Convertor.m in Sources */,
				9BCB096F1F60F5630016AE68 /* FMDatabaseAdditions.m in Sources */,
				9B123A411CBD151000FCE823 /* AppDelegate.mm in Sources */,
				9BE50ED91E61661200BBF6EA /* UIButton+WebCache.m in Sources */,
				9BCB09701F60F5630016AE68 /* FMDatabasePool.m in Sources */,
				9BCB09791F61286F0016AE68 /* FoodLocationDao.m in Sources */,
				9BCB096B1F60F5630016AE68 /* FMDatabase+FTS3.m in Sources */,
				9B1239E01CBD14A100FCE823 /* main.m in Sources */,
				9BE50EDB1E61661200BBF6EA /* UIImage+MultiFormat.m in Sources */,
				9B9F919C1CCB62BC009ACC37 /* firstView.m in Sources */,
				9BE50ED41E61661200BBF6EA /* SDWebImageDecoder.m in Sources */,
				9B123A861CBE26AE00FCE823 /* WCAlertView.m in Sources */,
				9B295C821F67794C00666EBD /* PushMesCell.m in Sources */,
				9BE50EDE1E61661200BBF6EA /* UIImageView+WebCache.m in Sources */,
				9BC880981CC0E2F1006341D4 /* SetTableViewController.m in Sources */,
				9B123A7C1CBDEC5000FCE823 /* DetailViewController.m in Sources */,
				9BCB096C1F60F5630016AE68 /* FMTokenizers.m in Sources */,
				9B295C8D1F691E7400666EBD /* NetWorkingUtils.m in Sources */,
				9BE50ED11E61661200BBF6EA /* NSData+ImageContentType.m in Sources */,
				9BE50ED51E61661200BBF6EA /* SDWebImageDownloader.m in Sources */,
				9BCB09531F60F4F20016AE68 /* KKBaseDao.m in Sources */,
				9B2A667C1FB5878400DBDD58 /* WLPoiDetailResult.m in Sources */,
				9B41DF3E1CBF730B00D493FA /* LocationChange.m in Sources */,
				9B84AC141D4742340062D663 /* ShareView.m in Sources */,
				9BCB09721F60F5630016AE68 /* FMResultSet.m in Sources */,
				9B53D8F81F710B0000CC9287 /* MyFavoriteView.m in Sources */,
				9B295C7E1F67787100666EBD /* PushMessageListViewController.m in Sources */,
				9BE50EDD1E61661200BBF6EA /* UIImageView+HighlightedWebCache.m in Sources */,
				9B123A181CBD14E700FCE823 /* NewViewController.m in Sources */,
				9B123A481CBD151000FCE823 /* MyPopView.m in Sources */,
				9B123A191CBD14E700FCE823 /* OldViewController.m in Sources */,
				9BE50EDF1E61661200BBF6EA /* UIView+WebCacheOperation.m in Sources */,
				9B53D8F51F7106DD00CC9287 /* MyFavoriteViewController.m in Sources */,
				9BE50ED31E61661200BBF6EA /* SDWebImageCompat.m in Sources */,
				9BC8808F1CC0C98B006341D4 /* Reachability.m in Sources */,
				9BE50ED01E61661200BBF6EA /* MKAnnotationView+WebCache.m in Sources */,
				9B9A23921FA6C68D00A15C53 /* OpinionViewController.m in Sources */,
				9B123A821CBE1DD300FCE823 /* SVProgressHUD.m in Sources */,
				9BE50ED81E61661200BBF6EA /* SDWebImagePrefetcher.m in Sources */,
				9BE50ED61E61661200BBF6EA /* SDWebImageDownloaderOperation.m in Sources */,
				9BE50EE31E61685C00BBF6EA /* NSDictionary+JsonDict.m in Sources */,
				9B123A741CBD170500FCE823 /* XLSphereView.m in Sources */,
				9BCB096D1F60F5630016AE68 /* FMDatabase+InMemoryOnDiskIO.m in Sources */,
				9BE50ED71E61661200BBF6EA /* SDWebImageManager.m in Sources */,
				9BE50EDC1E61661200BBF6EA /* UIImage+WebP.m in Sources */,
				9B123A8B1CBE664F00FCE823 /* LocalManager.m in Sources */,
				9BCB09761F611F630016AE68 /* NSString+Valid.m in Sources */,
				9BCB09711F60F5630016AE68 /* FMDatabaseQueue.m in Sources */,
				9BCB096E1F60F5630016AE68 /* FMDatabase.m in Sources */,
				9BE50ED21E61661200BBF6EA /* SDImageCache.m in Sources */,
			);
			runOnlyForDeploymentPostprocessing = 0;
		};
/* End PBXSourcesBuildPhase section */

/* Begin PBXVariantGroup section */
		9B1239EC1CBD14A200FCE823 /* LaunchScreen.storyboard */ = {
			isa = PBXVariantGroup;
			children = (
				9B1239ED1CBD14A200FCE823 /* Base */,
				9B41DF3F1CBF7A9500D493FA /* zh-Hans */,
			);
			name = LaunchScreen.storyboard;
			sourceTree = "<group>";
		};
/* End PBXVariantGroup section */

/* Begin XCBuildConfiguration section */
		9B123A061CBD14A200FCE823 /* Debug */ = {
			isa = XCBuildConfiguration;
			buildSettings = {
				ALWAYS_SEARCH_USER_PATHS = NO;
				CLANG_ANALYZER_LOCALIZABILITY_NONLOCALIZED = YES;
				CLANG_ANALYZER_NONNULL = YES;
				CLANG_CXX_LANGUAGE_STANDARD = "gnu++0x";
				CLANG_CXX_LIBRARY = "libc++";
				CLANG_ENABLE_MODULES = YES;
				CLANG_ENABLE_OBJC_ARC = YES;
				CLANG_WARN_BOOL_CONVERSION = YES;
				CLANG_WARN_CONSTANT_CONVERSION = YES;
				CLANG_WARN_DIRECT_OBJC_ISA_USAGE = YES_ERROR;
				CLANG_WARN_EMPTY_BODY = YES;
				CLANG_WARN_ENUM_CONVERSION = YES;
				CLANG_WARN_INFINITE_RECURSION = YES;
				CLANG_WARN_INT_CONVERSION = YES;
				CLANG_WARN_OBJC_ROOT_CLASS = YES_ERROR;
				CLANG_WARN_SUSPICIOUS_MOVE = YES;
				CLANG_WARN_UNREACHABLE_CODE = YES;
				CLANG_WARN__DUPLICATE_METHOD_MATCH = YES;
				CODE_SIGN_IDENTITY = "iPhone Developer: Lei Wang (7753633487)";
				"CODE_SIGN_IDENTITY[sdk=iphoneos*]" = "iPhone Developer: Lei Wang (7753633487)";
				COPY_PHASE_STRIP = NO;
				DEBUG_INFORMATION_FORMAT = dwarf;
				DEVELOPMENT_TEAM = D5PE98ZY97;
				ENABLE_STRICT_OBJC_MSGSEND = YES;
				ENABLE_TESTABILITY = YES;
				GCC_C_LANGUAGE_STANDARD = gnu99;
				GCC_DYNAMIC_NO_PIC = NO;
				GCC_NO_COMMON_BLOCKS = YES;
				GCC_OPTIMIZATION_LEVEL = 0;
				GCC_PREPROCESSOR_DEFINITIONS = (
					"DEBUG=1",
					"$(inherited)",
				);
				GCC_WARN_64_TO_32_BIT_CONVERSION = YES;
				GCC_WARN_ABOUT_RETURN_TYPE = YES_ERROR;
				GCC_WARN_UNDECLARED_SELECTOR = YES;
				GCC_WARN_UNINITIALIZED_AUTOS = YES_AGGRESSIVE;
				GCC_WARN_UNUSED_FUNCTION = YES;
				GCC_WARN_UNUSED_VARIABLE = YES;
				IPHONEOS_DEPLOYMENT_TARGET = 8.0;
				MTL_ENABLE_DEBUG_INFO = YES;
				ONLY_ACTIVE_ARCH = YES;
				PROVISIONING_PROFILE = "6c86a08d-9e32-43ea-b8b4-28f38d19d973";
				SDKROOT = iphoneos;
			};
			name = Debug;
		};
		9B123A071CBD14A200FCE823 /* Release */ = {
			isa = XCBuildConfiguration;
			buildSettings = {
				ALWAYS_SEARCH_USER_PATHS = NO;
				CLANG_ANALYZER_LOCALIZABILITY_NONLOCALIZED = YES;
				CLANG_ANALYZER_NONNULL = YES;
				CLANG_CXX_LANGUAGE_STANDARD = "gnu++0x";
				CLANG_CXX_LIBRARY = "libc++";
				CLANG_ENABLE_MODULES = YES;
				CLANG_ENABLE_OBJC_ARC = YES;
				CLANG_WARN_BOOL_CONVERSION = YES;
				CLANG_WARN_CONSTANT_CONVERSION = YES;
				CLANG_WARN_DIRECT_OBJC_ISA_USAGE = YES_ERROR;
				CLANG_WARN_EMPTY_BODY = YES;
				CLANG_WARN_ENUM_CONVERSION = YES;
				CLANG_WARN_INFINITE_RECURSION = YES;
				CLANG_WARN_INT_CONVERSION = YES;
				CLANG_WARN_OBJC_ROOT_CLASS = YES_ERROR;
				CLANG_WARN_SUSPICIOUS_MOVE = YES;
				CLANG_WARN_UNREACHABLE_CODE = YES;
				CLANG_WARN__DUPLICATE_METHOD_MATCH = YES;
				CODE_SIGN_IDENTITY = "iPhone Distribution: Lei Wang (D5PE98ZY97)";
				"CODE_SIGN_IDENTITY[sdk=iphoneos*]" = "iPhone Distribution: Lei Wang (D5PE98ZY97)";
				COPY_PHASE_STRIP = NO;
				DEBUG_INFORMATION_FORMAT = "dwarf-with-dsym";
				DEVELOPMENT_TEAM = D5PE98ZY97;
				ENABLE_NS_ASSERTIONS = NO;
				ENABLE_STRICT_OBJC_MSGSEND = YES;
				GCC_C_LANGUAGE_STANDARD = gnu99;
				GCC_NO_COMMON_BLOCKS = YES;
				GCC_WARN_64_TO_32_BIT_CONVERSION = YES;
				GCC_WARN_ABOUT_RETURN_TYPE = YES_ERROR;
				GCC_WARN_UNDECLARED_SELECTOR = YES;
				GCC_WARN_UNINITIALIZED_AUTOS = YES_AGGRESSIVE;
				GCC_WARN_UNUSED_FUNCTION = YES;
				GCC_WARN_UNUSED_VARIABLE = YES;
				IPHONEOS_DEPLOYMENT_TARGET = 8.0;
				MTL_ENABLE_DEBUG_INFO = NO;
				PROVISIONING_PROFILE = "7526bbc3-0e11-415f-98b1-6927e8db3782";
				SDKROOT = iphoneos;
				VALIDATE_PRODUCT = YES;
			};
			name = Release;
		};
		9B123A091CBD14A200FCE823 /* Debug */ = {
			isa = XCBuildConfiguration;
			buildSettings = {
				ASSETCATALOG_COMPILER_APPICON_NAME = AppIcon;
				CODE_SIGN_ENTITLEMENTS = WhereToEat/WhereToEat.entitlements;
				CODE_SIGN_IDENTITY = "iPhone Developer: Lei Wang (7753633487)";
				"CODE_SIGN_IDENTITY[sdk=iphoneos*]" = "iPhone Developer: Lei Wang (7753633487)";
				DEVELOPMENT_TEAM = D5PE98ZY97;
				ENABLE_BITCODE = NO;
				FRAMEWORK_SEARCH_PATHS = (
					"$(inherited)",
					"$(PROJECT_DIR)/WhereToEat/Other/ADMob",
					"$(PROJECT_DIR)/WhereToEat/Other/sdk",
					"$(PROJECT_DIR)/WhereToEat/Other/BugTags_2.4.0",
				);
				GCC_C_LANGUAGE_STANDARD = gnu99;
				GCC_PREFIX_HEADER = WhereToEat/Other/PrefixHeader.pch;
				INFOPLIST_FILE = WhereToEat/Info.plist;
				IPHONEOS_DEPLOYMENT_TARGET = 8.0;
				LD_RUNPATH_SEARCH_PATHS = "$(inherited) @executable_path/Frameworks";
				LIBRARY_SEARCH_PATHS = (
					"$(inherited)",
					"$(PROJECT_DIR)/WhereToEat/Other/openSDK1.7.2",
					"$(PROJECT_DIR)/WhereToEat/Other/sdk",
					"$(PROJECT_DIR)/WhereToEat/Other/JPush",
				);
				OTHER_LDFLAGS = "-ObjC";
				PRODUCT_BUNDLE_IDENTIFIER = com.WLtech.WhereToEat;
				PRODUCT_NAME = "$(TARGET_NAME)";
				PROVISIONING_PROFILE = "6c86a08d-9e32-43ea-b8b4-28f38d19d973";
				PROVISIONING_PROFILE_SPECIFIER = WhereToEat_dev_push;
				USER_HEADER_SEARCH_PATHS = "\"$(SRCROOT)/WhereToEat/Other/JPush\"";
			};
			name = Debug;
		};
		9B123A0A1CBD14A200FCE823 /* Release */ = {
			isa = XCBuildConfiguration;
			buildSettings = {
				ASSETCATALOG_COMPILER_APPICON_NAME = AppIcon;
				CODE_SIGN_ENTITLEMENTS = WhereToEat/WhereToEat.entitlements;
				CODE_SIGN_IDENTITY = "iPhone Distribution: Lei Wang (D5PE98ZY97)";
				"CODE_SIGN_IDENTITY[sdk=iphoneos*]" = "iPhone Distribution: Lei Wang (D5PE98ZY97)";
				DEVELOPMENT_TEAM = D5PE98ZY97;
				ENABLE_BITCODE = NO;
				FRAMEWORK_SEARCH_PATHS = (
					"$(inherited)",
					"$(PROJECT_DIR)/WhereToEat/Other/ADMob",
					"$(PROJECT_DIR)/WhereToEat/Other/sdk",
					"$(PROJECT_DIR)/WhereToEat/Other/BugTags_2.4.0",
				);
				GCC_C_LANGUAGE_STANDARD = gnu99;
				GCC_PREFIX_HEADER = WhereToEat/Other/PrefixHeader.pch;
				INFOPLIST_FILE = WhereToEat/Info.plist;
				IPHONEOS_DEPLOYMENT_TARGET = 8.0;
				LD_RUNPATH_SEARCH_PATHS = "$(inherited) @executable_path/Frameworks";
				LIBRARY_SEARCH_PATHS = (
					"$(inherited)",
					"$(PROJECT_DIR)/WhereToEat/Other/openSDK1.7.2",
					"$(PROJECT_DIR)/WhereToEat/Other/sdk",
					"$(PROJECT_DIR)/WhereToEat/Other/JPush",
				);
				OTHER_LDFLAGS = "-ObjC";
				PRODUCT_BUNDLE_IDENTIFIER = com.WLtech.WhereToEat;
				PRODUCT_NAME = "$(TARGET_NAME)";
				PROVISIONING_PROFILE = "7526bbc3-0e11-415f-98b1-6927e8db3782";
				PROVISIONING_PROFILE_SPECIFIER = WhereToEat_dist_push;
				USER_HEADER_SEARCH_PATHS = "\"$(SRCROOT)/WhereToEat/Other/JPush\"";
			};
			name = Release;
		};
/* End XCBuildConfiguration section */

/* Begin XCConfigurationList section */
		9B1239D61CBD14A100FCE823 /* Build configuration list for PBXProject "WhereToEat" */ = {
			isa = XCConfigurationList;
			buildConfigurations = (
				9B123A061CBD14A200FCE823 /* Debug */,
				9B123A071CBD14A200FCE823 /* Release */,
			);
			defaultConfigurationIsVisible = 0;
			defaultConfigurationName = Release;
		};
		9B123A081CBD14A200FCE823 /* Build configuration list for PBXNativeTarget "WhereToEat" */ = {
			isa = XCConfigurationList;
			buildConfigurations = (
				9B123A091CBD14A200FCE823 /* Debug */,
				9B123A0A1CBD14A200FCE823 /* Release */,
			);
			defaultConfigurationIsVisible = 0;
			defaultConfigurationName = Release;
		};
/* End XCConfigurationList section */
	};
	rootObject = 9B1239D31CBD14A100FCE823 /* Project object */;
}
